[[tools.bat]]
version = "0.25.0"
backend = "aqua:sharkdp/bat"

[tools.bat.platforms.linux-x64]
checksum = "blake3:7df2a4f13bc15af2139f6c3a4ade54c6596bdfe67955a14c7ae3c43c782a3575"
size = 3275963
url = "https://github.com/sharkdp/bat/releases/download/v0.25.0/bat-v0.25.0-x86_64-unknown-linux-musl.tar.gz"

[[tools.btop]]
version = "1.4.4"
backend = "aqua:aristocratos/btop"

[tools.btop.platforms.linux-x64]
checksum = "sha256:fec7d1b59c671290a0f80d5a32617ea6d60412485fc04318fd194b9550ff6b49"
size = 1071109
url = "https://github.com/aristocratos/btop/releases/download/v1.4.4/btop-x86_64-linux-musl.tbz"

[[tools.chezmoi]]
version = "2.67.0"
backend = "aqua:twpayne/chezmoi"

[tools.chezmoi.platforms.linux-x64]
checksum = "sha256:4b9f7fa3a740715152400c8cb9aa87d8fe1b96f555018457717f12ada6c61eff"
size = 13178611
url = "https://github.com/twpayne/chezmoi/releases/download/v2.67.0/chezmoi_2.67.0_linux-glibc_amd64.tar.gz"

[[tools.doggo]]
version = "1.0.5"
backend = "aqua:mr-karan/doggo"

[tools.doggo.platforms.linux-x64]
checksum = "sha256:3e9047da1c473c3895230e4bf3303b1b7a5d1c82cc688043be431984e1de697d"
size = 4602865
url = "https://github.com/mr-karan/doggo/releases/download/v1.0.5/doggo_1.0.5_Linux_x86_64.tar.gz"

[[tools.fd]]
version = "10.2.0"
backend = "aqua:sharkdp/fd"

[tools.fd.platforms.linux-x64]
checksum = "blake3:67cc22c3a887c7cb55dec0f4f91243be0121d65b69ac4127f31abf57009c6760"
size = 1681679
url = "https://github.com/sharkdp/fd/releases/download/v10.2.0/fd-v10.2.0-x86_64-unknown-linux-musl.tar.gz"

[[tools.fzf]]
version = "0.62.0"
backend = "aqua:junegunn/fzf"

[tools.fzf.platforms.linux-x64]
checksum = "sha256:64b56dd484a2317d5f04c28ac0791b36807f034adb419209ad39fb6637255794"
size = 1609836
url = "https://github.com/junegunn/fzf/releases/download/v0.62.0/fzf-0.62.0-linux_amd64.tar.gz"

[[tools.github-cli]]
version = "2.82.1"
backend = "aqua:cli/cli"

[tools.github-cli.platforms.linux-x64]
checksum = "sha256:afada88676dfccea384e6cc28ae990b3e31bbc55f9d75c4697f902c757fa462b"
size = 18099610
url = "https://github.com/cli/cli/releases/download/v2.82.1/gh_2.82.1_linux_amd64.tar.gz"

[[tools.jj]]
version = "0.34.0"
backend = "aqua:jj-vcs/jj"

[tools.jj.platforms.linux-x64]
checksum = "sha256:1e8e1ede656fecba91ceb8248a76402a110017ad677d0ecfd1f2040f5543cfa3"
size = 9570722
url = "https://github.com/jj-vcs/jj/releases/download/v0.34.0/jj-v0.34.0-x86_64-unknown-linux-musl.tar.gz"

[[tools.lsd]]
version = "1.1.5"
backend = "aqua:lsd-rs/lsd"

[tools.lsd.platforms.linux-x64]
checksum = "blake3:016d8b63304d37389bb408f3213c61e04be5678f4399a17f8f285e38e522dbb2"
size = 1603404
url = "https://github.com/lsd-rs/lsd/releases/download/v1.1.5/lsd-v1.1.5-x86_64-unknown-linux-musl.tar.gz"

[[tools.neovim]]
version = "0.11.5"
backend = "aqua:neovim/neovim"

[tools.neovim.platforms.linux-x64]
checksum = "sha256:b2f91117be5b5ea39edd7297156dc2a4a8df4add6c95a90809a8df19e7ab6f52"
size = 10973811
url = "https://github.com/neovim/neovim/releases/download/v0.11.5/nvim-linux-x86_64.tar.gz"

[[tools.node]]
version = "23.11.0"
backend = "core:node"

[tools.node.platforms.linux-x64]
checksum = "sha256:66f768a7f2d89ecdda8fe1e33ee71ac04ed9180111cbf1c5fb944655fe7c90c7"
size = 55798646
url = "https://nodejs.org/dist/v23.11.0/node-v23.11.0-linux-x64.tar.gz"

[[tools.opencode]]
version = "1.0.223"
backend = "aqua:sst/opencode"

[tools.opencode.platforms.linux-x64]
checksum = "sha256:6c1bf6114a0b08fdb4c15ceef9da4480df0297699e045db7dd9a2950b0b9cc09"
size = 50553328
url = "https://github.com/sst/opencode/releases/download/v1.0.223/opencode-linux-x64.tar.gz"

[[tools.ripgrep]]
version = "14.1.1"
backend = "aqua:BurntSushi/ripgrep"

[tools.ripgrep.platforms.linux-x64]
checksum = "sha256:4cf9f2741e6c465ffdb7c26f38056a59e2a2544b51f7cc128ef28337eeae4d8e"
size = 2566310
url = "https://github.com/BurntSushi/ripgrep/releases/download/14.1.1/ripgrep-14.1.1-x86_64-unknown-linux-musl.tar.gz"

[[tools.starship]]
version = "1.23.0"
backend = "aqua:starship/starship"

[tools.starship.platforms.linux-x64]
checksum = "sha256:8d06d2cc67aedd6316ff58ab679fb80cded0d85de1dcd5727df0633d35356d57"
size = 4864203
url = "https://github.com/starship/starship/releases/download/v1.23.0/starship-x86_64-unknown-linux-musl.tar.gz"

[[tools."ubi:nushell/nushell"]]
version = "0.108.0"
backend = "ubi:nushell/nushell"

[tools."ubi:nushell/nushell".platforms.linux-x64-nu-nu]
checksum = "blake3:0ad20b538f3a4ed030499569c2b660eba5e8c244e10d2d9d72e6efa0cfff9e8c"

[[tools.zellij]]
version = "0.43.0"
backend = "aqua:zellij-org/zellij"

[tools.zellij.platforms.linux-x64]
checksum = "sha256:00070e052a86e3072dbd626cc0a0295106e7ed74c42871ba38185d4ebbcae58a"
size = 19168843
url = "https://github.com/zellij-org/zellij/releases/download/v0.43.0/zellij-x86_64-unknown-linux-musl.tar.gz"

[[tools.zoxide]]
version = "0.9.8"
backend = "aqua:ajeetdsouza/zoxide"

[tools.zoxide.platforms.linux-x64]
checksum = "blake3:4be202bd835503893ba42ee3cfc813af09cde93d28acf2f5a12ec06aa8bfade0"
size = 586553
url = "https://github.com/ajeetdsouza/zoxide/releases/download/v0.9.8/zoxide-0.9.8-x86_64-unknown-linux-musl.tar.gz"
