# @generated - this file is auto-generated by `mise lock` https://mise.jdx.dev/dev-tools/mise-lock.html

lockfile_version = 1

[[tools.bat]]
version = "0.26.1"
backend = "aqua:sharkdp/bat"
specifiers = ["0.26.1"]

[tools.bat."platforms.linux-arm64"]
checksum = "sha256:422eb73e11c854fddd99f5ca8461c2f1d6e6dce0a2a8c3d5daade5ffcb6564aa"
url = "https://github.com/sharkdp/bat/releases/download/v0.26.1/bat-v0.26.1-aarch64-unknown-linux-gnu.tar.gz"
url_api = "https://api.github.com/repos/sharkdp/bat/releases/assets/323548647"

[tools.bat."platforms.linux-arm64-musl"]
checksum = "sha256:6369242c584065f195fb20cb36fbd7cb63ae690605bbe89868a7596b596c2c23"
url = "https://github.com/sharkdp/bat/releases/download/v0.26.1/bat-v0.26.1-aarch64-unknown-linux-musl.tar.gz"
url_api = "https://api.github.com/repos/sharkdp/bat/releases/assets/323548153"

[tools.bat."platforms.linux-x64"]
checksum = "sha256:726f04c8f576a7fd18b7634f1bbf2f915c43494c1c0f013baa3287edb0d5a2a3"
url = "https://github.com/sharkdp/bat/releases/download/v0.26.1/bat-v0.26.1-x86_64-unknown-linux-gnu.tar.gz"
url_api = "https://api.github.com/repos/sharkdp/bat/releases/assets/323549181"

[tools.bat."platforms.linux-x64-musl"]
checksum = "sha256:0dcd8ac79732c0d5b136f11f4ee00e581440e16a44eab5b3105b611bbf2cf191"
url = "https://github.com/sharkdp/bat/releases/download/v0.26.1/bat-v0.26.1-x86_64-unknown-linux-musl.tar.gz"
url_api = "https://api.github.com/repos/sharkdp/bat/releases/assets/323549429"

[tools.bat."platforms.macos-arm64"]
checksum = "sha256:e30beff26779c9bf60bb541e1d79046250cb74378f2757f8eb250afddb19e114"
url = "https://github.com/sharkdp/bat/releases/download/v0.26.1/bat-v0.26.1-aarch64-apple-darwin.tar.gz"
url_api = "https://api.github.com/repos/sharkdp/bat/releases/assets/323548442"

[tools.bat."platforms.macos-x64"]
checksum = "sha256:830d63b0bba1fa040542ec569e3cf77f60d3356b9de75116a344b061e0894245"
url = "https://github.com/sharkdp/bat/releases/download/v0.26.1/bat-v0.26.1-x86_64-apple-darwin.tar.gz"
url_api = "https://api.github.com/repos/sharkdp/bat/releases/assets/323549786"

[tools.bat."platforms.windows-x64"]
checksum = "sha256:0f729b4b6f5f28d395c641eacc2e9ff68d0096b85aa0eec344aa62425144b69b"
url = "https://github.com/sharkdp/bat/releases/download/v0.26.1/bat-v0.26.1-x86_64-pc-windows-msvc.zip"
url_api = "https://api.github.com/repos/sharkdp/bat/releases/assets/323549116"

[[tools.difftastic]]
version = "0.71.0"
backend = "aqua:Wilfred/difftastic"
specifiers = ["0.71.0"]

[tools.difftastic."platforms.linux-arm64"]
checksum = "sha256:5f046098b36ff985d0f99fec6f22cf74961db60386ff9d40df39fd99660aae2c"
url = "https://github.com/Wilfred/difftastic/releases/download/0.71.0/difft-0.71.0-aarch64-unknown-linux-gnu.tar.gz"
url_api = "https://api.github.com/repos/Wilfred/difftastic/releases/assets/573540796"

[tools.difftastic."platforms.linux-arm64-musl"]
checksum = "sha256:5f046098b36ff985d0f99fec6f22cf74961db60386ff9d40df39fd99660aae2c"
url = "https://github.com/Wilfred/difftastic/releases/download/0.71.0/difft-0.71.0-aarch64-unknown-linux-gnu.tar.gz"
url_api = "https://api.github.com/repos/Wilfred/difftastic/releases/assets/573540796"

[tools.difftastic."platforms.linux-x64"]
checksum = "sha256:61aea5394a53c56f144637cf39b3a0c0dafa27769731745e5851ff276e6478da"
url = "https://github.com/Wilfred/difftastic/releases/download/0.71.0/difft-0.71.0-x86_64-unknown-linux-gnu.tar.gz"
url_api = "https://api.github.com/repos/Wilfred/difftastic/releases/assets/573539079"

[tools.difftastic."platforms.linux-x64-musl"]
checksum = "sha256:0a65e6715df992b0adae012e606bd9cc74fa6cfe90eaf13bbae165a0a19b3086"
url = "https://github.com/Wilfred/difftastic/releases/download/0.71.0/difft-0.71.0-x86_64-unknown-linux-musl.tar.gz"
url_api = "https://api.github.com/repos/Wilfred/difftastic/releases/assets/573541111"

[tools.difftastic."platforms.macos-arm64"]
checksum = "sha256:92acf8890543b6d6f436a87a7a5ec64f82a4b8dbe3a7e564c1e5cbfe60823bc7"
url = "https://github.com/Wilfred/difftastic/releases/download/0.71.0/difft-0.71.0-aarch64-apple-darwin.tar.gz"
url_api = "https://api.github.com/repos/Wilfred/difftastic/releases/assets/573540714"

[tools.difftastic."platforms.macos-x64"]
checksum = "sha256:390b5299b0bc5059b5617f448eb1f3cb42c689933258fc57770c24d257a5d8a8"
url = "https://github.com/Wilfred/difftastic/releases/download/0.71.0/difft-0.71.0-x86_64-apple-darwin.tar.gz"
url_api = "https://api.github.com/repos/Wilfred/difftastic/releases/assets/573540008"

[tools.difftastic."platforms.windows-x64"]
checksum = "sha256:9a979f9d96d739625a0fe69317f3197cc7bcef663a6d7195197d6c9bf96ed6f5"
url = "https://github.com/Wilfred/difftastic/releases/download/0.71.0/difft-0.71.0-x86_64-pc-windows-msvc.zip"
url_api = "https://api.github.com/repos/Wilfred/difftastic/releases/assets/573539441"

[[tools.doggo]]
version = "1.4.0"
backend = "aqua:mr-karan/doggo"
specifiers = ["1.4.0"]

[tools.doggo."platforms.linux-arm64"]
checksum = "sha256:bf5bd32f26fa8f652f3ac73f08af2ecc9e59955bc47e98a260d7dc6860710162"
url = "https://github.com/mr-karan/doggo/releases/download/v1.4.0/doggo-linux-aarch64.tar.gz"
url_api = "https://api.github.com/repos/mr-karan/doggo/releases/assets/539320052"

[tools.doggo."platforms.linux-arm64-musl"]
checksum = "sha256:bf5bd32f26fa8f652f3ac73f08af2ecc9e59955bc47e98a260d7dc6860710162"
url = "https://github.com/mr-karan/doggo/releases/download/v1.4.0/doggo-linux-aarch64.tar.gz"
url_api = "https://api.github.com/repos/mr-karan/doggo/releases/assets/539320052"

[tools.doggo."platforms.linux-x64"]
checksum = "sha256:f85e2471737677a5fa65491b4241e0f46960aae6cc2211cc660ee6394a1a3d06"
url = "https://github.com/mr-karan/doggo/releases/download/v1.4.0/doggo-linux-x86_64.tar.gz"
url_api = "https://api.github.com/repos/mr-karan/doggo/releases/assets/539320012"

[tools.doggo."platforms.linux-x64-musl"]
checksum = "sha256:f85e2471737677a5fa65491b4241e0f46960aae6cc2211cc660ee6394a1a3d06"
url = "https://github.com/mr-karan/doggo/releases/download/v1.4.0/doggo-linux-x86_64.tar.gz"
url_api = "https://api.github.com/repos/mr-karan/doggo/releases/assets/539320012"

[tools.doggo."platforms.macos-arm64"]
checksum = "sha256:9817c57a21644b51dc8b23a98a13c686f8a7f2de945b3adc61b8141991dd65a2"
url = "https://github.com/mr-karan/doggo/releases/download/v1.4.0/doggo-darwin-aarch64.tar.gz"
url_api = "https://api.github.com/repos/mr-karan/doggo/releases/assets/539320057"

[tools.doggo."platforms.macos-x64"]
checksum = "sha256:cd2aa6ead10feff313d7afd52bccc6b9db80414132fab9702f279b2b5f686900"
url = "https://github.com/mr-karan/doggo/releases/download/v1.4.0/doggo-darwin-x86_64.tar.gz"
url_api = "https://api.github.com/repos/mr-karan/doggo/releases/assets/539320095"

[tools.doggo."platforms.windows-x64"]
checksum = "sha256:24ff6fe2be4baff39574ccc50c50c467a344804998d1773b9b76b838a26acd67"
url = "https://github.com/mr-karan/doggo/releases/download/v1.4.0/doggo-windows-x86_64.zip"
url_api = "https://api.github.com/repos/mr-karan/doggo/releases/assets/539320011"

[[tools.fd]]
version = "10.5.0"
backend = "aqua:sharkdp/fd"
specifiers = ["10.5.0"]

[tools.fd."platforms.linux-arm64"]
checksum = "sha256:c0ee43802e3313a317c5af2f4eabd6ba13eeedd595af9775f05e18a13ac4f52c"
url = "https://github.com/sharkdp/fd/releases/download/v10.5.0/fd-v10.5.0-aarch64-unknown-linux-gnu.tar.gz"
url_api = "https://api.github.com/repos/sharkdp/fd/releases/assets/530482307"

[tools.fd."platforms.linux-arm64-musl"]
checksum = "sha256:d76c4317f7d5dba69f8a2a15856c90c777e7f0dd4e85f0de8c76de6992c374d4"
url = "https://github.com/sharkdp/fd/releases/download/v10.5.0/fd-v10.5.0-aarch64-unknown-linux-musl.tar.gz"
url_api = "https://api.github.com/repos/sharkdp/fd/releases/assets/530481810"

[tools.fd."platforms.linux-x64"]
checksum = "sha256:a1259cd129636efbc3fef123525c1b49e88fe5088c012630983c310e52fdfa95"
url = "https://github.com/sharkdp/fd/releases/download/v10.5.0/fd-v10.5.0-x86_64-unknown-linux-gnu.tar.gz"
url_api = "https://api.github.com/repos/sharkdp/fd/releases/assets/530481615"

[tools.fd."platforms.linux-x64-musl"]
checksum = "sha256:761c72dc8e120d85b22292063be8a796e2eeb20eb3e4f38b8fa2343ccf3514a7"
url = "https://github.com/sharkdp/fd/releases/download/v10.5.0/fd-v10.5.0-x86_64-unknown-linux-musl.tar.gz"
url_api = "https://api.github.com/repos/sharkdp/fd/releases/assets/530481315"

[tools.fd."platforms.macos-arm64"]
checksum = "sha256:b67e1836c468e42e411984b56e52fa7abec08c2bd22c867398e7cc134aac5e12"
url = "https://github.com/sharkdp/fd/releases/download/v10.5.0/fd-v10.5.0-aarch64-apple-darwin.tar.gz"
url_api = "https://api.github.com/repos/sharkdp/fd/releases/assets/530481346"

[tools.fd."platforms.macos-x64"]
checksum = "sha256:7e31028c62c6955877735d0406807aa484c2a5e6f86235a59e26c29c301da590"
url = "https://github.com/sharkdp/fd/releases/download/v10.5.0/fd-v10.5.0-x86_64-apple-darwin.tar.gz"
url_api = "https://api.github.com/repos/sharkdp/fd/releases/assets/530484719"

[tools.fd."platforms.windows-x64"]
checksum = "sha256:a227701b8551c35a9931d9f6da75503cf86d88e182d71fb849a70864c5d57cd7"
url = "https://github.com/sharkdp/fd/releases/download/v10.5.0/fd-v10.5.0-x86_64-pc-windows-msvc.zip"
url_api = "https://api.github.com/repos/sharkdp/fd/releases/assets/530482901"

[[tools.fzf]]
version = "0.74.4"
backend = "aqua:junegunn/fzf"
specifiers = ["0.74.4"]

[tools.fzf."platforms.linux-arm64"]
checksum = "sha256:5d673b849f494f0d64ec471d8640b153ca8849e3846a31da17abdcfce8df6b46"
url = "https://github.com/junegunn/fzf/releases/download/v0.74.4/fzf-0.74.4-linux_arm64.tar.gz"
url_api = "https://api.github.com/repos/junegunn/fzf/releases/assets/558287789"

[tools.fzf."platforms.linux-arm64-musl"]
checksum = "sha256:5d673b849f494f0d64ec471d8640b153ca8849e3846a31da17abdcfce8df6b46"
url = "https://github.com/junegunn/fzf/releases/download/v0.74.4/fzf-0.74.4-linux_arm64.tar.gz"
url_api = "https://api.github.com/repos/junegunn/fzf/releases/assets/558287789"

[tools.fzf."platforms.linux-x64"]
checksum = "sha256:05e6813a337cc722c3ed07e54a764b75cc5d671e2e60459db0ba696ee5fa7504"
url = "https://github.com/junegunn/fzf/releases/download/v0.74.4/fzf-0.74.4-linux_amd64.tar.gz"
url_api = "https://api.github.com/repos/junegunn/fzf/releases/assets/558287768"

[tools.fzf."platforms.linux-x64-musl"]
checksum = "sha256:05e6813a337cc722c3ed07e54a764b75cc5d671e2e60459db0ba696ee5fa7504"
url = "https://github.com/junegunn/fzf/releases/download/v0.74.4/fzf-0.74.4-linux_amd64.tar.gz"
url_api = "https://api.github.com/repos/junegunn/fzf/releases/assets/558287768"

[tools.fzf."platforms.macos-arm64"]
checksum = "sha256:4f6a113bfc0c7959e0005c78d566a51afc4fcefc956f43735c62a9deb19e92ae"
url = "https://github.com/junegunn/fzf/releases/download/v0.74.4/fzf-0.74.4-darwin_arm64.tar.gz"
url_api = "https://api.github.com/repos/junegunn/fzf/releases/assets/558287774"

[tools.fzf."platforms.macos-x64"]
checksum = "sha256:2d392b50be66e2ab104ccd52a6072df692b1f9b9c5b449a9c098de885f32c4c5"
url = "https://github.com/junegunn/fzf/releases/download/v0.74.4/fzf-0.74.4-darwin_amd64.tar.gz"
url_api = "https://api.github.com/repos/junegunn/fzf/releases/assets/558287717"

[tools.fzf."platforms.windows-x64"]
checksum = "sha256:5e63c0e798406fcb9c51a9fed4988398e25fdabf8c670e32c16caf7b4a7ed02d"
url = "https://github.com/junegunn/fzf/releases/download/v0.74.4/fzf-0.74.4-windows_amd64.zip"
url_api = "https://api.github.com/repos/junegunn/fzf/releases/assets/558287758"

[[tools.github-cli]]
version = "2.101.0"
backend = "aqua:cli/cli"
specifiers = ["2.101.0"]

[tools.github-cli."platforms.linux-arm64"]
checksum = "sha256:b57e8063f18862647c9d22727c32e9da1b963f8bf9db648fe123a6975695640f"
url = "https://github.com/cli/cli/releases/download/v2.101.0/gh_2.101.0_linux_arm64.tar.gz"
url_api = "https://api.github.com/repos/cli/cli/releases/assets/565857147"
provenance = "github-attestations"

[tools.github-cli."platforms.linux-arm64-musl"]
checksum = "sha256:b57e8063f18862647c9d22727c32e9da1b963f8bf9db648fe123a6975695640f"
url = "https://github.com/cli/cli/releases/download/v2.101.0/gh_2.101.0_linux_arm64.tar.gz"
url_api = "https://api.github.com/repos/cli/cli/releases/assets/565857147"
provenance = "github-attestations"

[tools.github-cli."platforms.linux-x64"]
checksum = "sha256:9bca2d1c16825f109907a23307628a2f0698fbf99662b73a5cf0b020293072b8"
url = "https://github.com/cli/cli/releases/download/v2.101.0/gh_2.101.0_linux_amd64.tar.gz"
url_api = "https://api.github.com/repos/cli/cli/releases/assets/565857134"
provenance = "github-attestations"

[tools.github-cli."platforms.linux-x64-musl"]
checksum = "sha256:9bca2d1c16825f109907a23307628a2f0698fbf99662b73a5cf0b020293072b8"
url = "https://github.com/cli/cli/releases/download/v2.101.0/gh_2.101.0_linux_amd64.tar.gz"
url_api = "https://api.github.com/repos/cli/cli/releases/assets/565857134"
provenance = "github-attestations"

[tools.github-cli."platforms.macos-arm64"]
checksum = "sha256:e4303e39d8f07141c4bad4b99b01079f05029c59b27076e8fbc825c985ecdd8b"
url = "https://github.com/cli/cli/releases/download/v2.101.0/gh_2.101.0_macOS_arm64.zip"
url_api = "https://api.github.com/repos/cli/cli/releases/assets/565857200"
provenance = "github-attestations"

[tools.github-cli."platforms.macos-x64"]
checksum = "sha256:a6fd66c88e2f07d6e4e058173db341d07dd74d58cf8f19ae668293d2bb614ca3"
url = "https://github.com/cli/cli/releases/download/v2.101.0/gh_2.101.0_macOS_amd64.zip"
url_api = "https://api.github.com/repos/cli/cli/releases/assets/565857203"
provenance = "github-attestations"

[tools.github-cli."platforms.windows-x64"]
checksum = "sha256:bc6c814367b193cd8e713611d61e36013c0ef843b8f516458fe3eda039192794"
url = "https://github.com/cli/cli/releases/download/v2.101.0/gh_2.101.0_windows_amd64.zip"
url_api = "https://api.github.com/repos/cli/cli/releases/assets/565857681"
provenance = "github-attestations"

[[tools."github:neovim/neovim"]]
version = "0.12.5"
backend = "github:neovim/neovim"
specifiers = ["0.12.5"]

[tools."github:neovim/neovim"."platforms.linux-arm64"]
checksum = "sha256:1aa5ca085249580ae0f91eb14f27ec0919773ff2d99a163d03f3d6c21ac29725"
url = "https://github.com/neovim/neovim/releases/download/v0.12.5/nvim-linux-arm64.tar.gz"
url_api = "https://api.github.com/repos/neovim/neovim/releases/assets/526503739"

[tools."github:neovim/neovim"."platforms.linux-arm64-musl"]
checksum = "sha256:1aa5ca085249580ae0f91eb14f27ec0919773ff2d99a163d03f3d6c21ac29725"
url = "https://github.com/neovim/neovim/releases/download/v0.12.5/nvim-linux-arm64.tar.gz"
url_api = "https://api.github.com/repos/neovim/neovim/releases/assets/526503739"

[tools."github:neovim/neovim"."platforms.linux-x64"]
checksum = "sha256:bce0f56eda1f1b1db6eee8f4133d7a38813ea07933837dd1777411ca384c6875"
url = "https://github.com/neovim/neovim/releases/download/v0.12.5/nvim-linux-x86_64.tar.gz"
url_api = "https://api.github.com/repos/neovim/neovim/releases/assets/526503737"

[tools."github:neovim/neovim"."platforms.linux-x64-musl"]
checksum = "sha256:bce0f56eda1f1b1db6eee8f4133d7a38813ea07933837dd1777411ca384c6875"
url = "https://github.com/neovim/neovim/releases/download/v0.12.5/nvim-linux-x86_64.tar.gz"
url_api = "https://api.github.com/repos/neovim/neovim/releases/assets/526503737"

[tools."github:neovim/neovim"."platforms.macos-arm64"]
checksum = "sha256:65fb000099e47ca1b762584c484cc833f40e30851a0ec450d4174e16317c1f9b"
url = "https://github.com/neovim/neovim/releases/download/v0.12.5/nvim-macos-arm64.tar.gz"
url_api = "https://api.github.com/repos/neovim/neovim/releases/assets/526503741"

[tools."github:neovim/neovim"."platforms.macos-x64"]
checksum = "sha256:81f4518622cb059b450ee2e498c6a1082a222f6bd89589de5bbcf0c6a68aa3fd"
url = "https://github.com/neovim/neovim/releases/download/v0.12.5/nvim-macos-x86_64.tar.gz"
url_api = "https://api.github.com/repos/neovim/neovim/releases/assets/526503740"

[tools."github:neovim/neovim"."platforms.windows-x64"]
checksum = "sha256:de8625ba8cf65ebf40eb80a388ba1ec8e9c15b30218821e2c639119b05920de1"
url = "https://github.com/neovim/neovim/releases/download/v0.12.5/nvim-win64.zip"
url_api = "https://api.github.com/repos/neovim/neovim/releases/assets/526503770"

[[tools."github:nushell/nushell"]]
version = "0.116.0"
backend = "github:nushell/nushell"
specifiers = ["0.116.0"]

[tools."github:nushell/nushell"."platforms.linux-arm64"]
checksum = "sha256:bd854a1c7286cabb7830e744810c27152e3d332192e75cea9e3c92dced4e3dce"
url = "https://github.com/nushell/nushell/releases/download/0.116.0/nu-0.116.0-aarch64-unknown-linux-gnu.tar.gz"
url_api = "https://api.github.com/repos/nushell/nushell/releases/assets/591220342"

[tools."github:nushell/nushell"."platforms.linux-arm64-musl"]
checksum = "sha256:bc3503d0588caa7c2835d61337825152141c748c126817739cb86519c593416e"
url = "https://github.com/nushell/nushell/releases/download/0.116.0/nu-0.116.0-aarch64-unknown-linux-musl.tar.gz"
url_api = "https://api.github.com/repos/nushell/nushell/releases/assets/591238656"

[tools."github:nushell/nushell"."platforms.linux-x64"]
checksum = "sha256:9f73a6913f9515a621bd916dc91d7f3e0494e488161c2d686f6b98ffa0555945"
url = "https://github.com/nushell/nushell/releases/download/0.116.0/nu-0.116.0-x86_64-unknown-linux-gnu.tar.gz"
url_api = "https://api.github.com/repos/nushell/nushell/releases/assets/591232732"

[tools."github:nushell/nushell"."platforms.linux-x64-musl"]
checksum = "sha256:7b91aeef575080f4b90405ba4512f4ccd0c21a6fbcd99f18bde3272c75213f00"
url = "https://github.com/nushell/nushell/releases/download/0.116.0/nu-0.116.0-x86_64-unknown-linux-musl.tar.gz"
url_api = "https://api.github.com/repos/nushell/nushell/releases/assets/591225382"

[tools."github:nushell/nushell"."platforms.macos-arm64"]
checksum = "sha256:8d3169054b0e8f04b60b38ac1673acf61cbf66c6d8073ebc732d5bc108b3add6"
url = "https://github.com/nushell/nushell/releases/download/0.116.0/nu-0.116.0-aarch64-apple-darwin.tar.gz"
url_api = "https://api.github.com/repos/nushell/nushell/releases/assets/591247156"

[tools."github:nushell/nushell"."platforms.macos-x64"]
checksum = "sha256:c03c8cc16e7a1d616d0dd5992b114ae28d84b622e00b43905118147cc0bccdaf"
url = "https://github.com/nushell/nushell/releases/download/0.116.0/nu-0.116.0-x86_64-apple-darwin.tar.gz"
url_api = "https://api.github.com/repos/nushell/nushell/releases/assets/591247388"

[tools."github:nushell/nushell"."platforms.windows-x64"]
checksum = "sha256:745b165d847e34b5dea80c2cfc867383c02b907d288a59a44b25e39bcac14015"
url = "https://github.com/nushell/nushell/releases/download/0.116.0/nu-0.116.0-x86_64-pc-windows-msvc.zip"
url_api = "https://api.github.com/repos/nushell/nushell/releases/assets/591270585"

[[tools."github:peteonrails/voxtype"]]
version = "1.1.0"
backend = "github:peteonrails/voxtype"
specifiers = ["1.1.0"]

[tools."github:peteonrails/voxtype".options]
asset_pattern = "voxtype-*-linux-x86_64-onnx-avx512"

[tools."github:peteonrails/voxtype"."platforms.linux-arm64"]
checksum = "sha256:b3fabe0fa67452aaa76ccf3f84cd71a3c23d27354c840128c396690cb3a1c9a6"
url = "https://github.com/peteonrails/voxtype/releases/download/v1.1.0/voxtype-1.1.0-linux-x86_64-onnx-avx512"
url_api = "https://api.github.com/repos/peteonrails/voxtype/releases/assets/584872991"

[tools."github:peteonrails/voxtype"."platforms.linux-arm64-musl"]
checksum = "sha256:b3fabe0fa67452aaa76ccf3f84cd71a3c23d27354c840128c396690cb3a1c9a6"
url = "https://github.com/peteonrails/voxtype/releases/download/v1.1.0/voxtype-1.1.0-linux-x86_64-onnx-avx512"
url_api = "https://api.github.com/repos/peteonrails/voxtype/releases/assets/584872991"

[tools."github:peteonrails/voxtype"."platforms.linux-x64"]
checksum = "sha256:b3fabe0fa67452aaa76ccf3f84cd71a3c23d27354c840128c396690cb3a1c9a6"
url = "https://github.com/peteonrails/voxtype/releases/download/v1.1.0/voxtype-1.1.0-linux-x86_64-onnx-avx512"
url_api = "https://api.github.com/repos/peteonrails/voxtype/releases/assets/584872991"

[tools."github:peteonrails/voxtype"."platforms.linux-x64-musl"]
checksum = "sha256:b3fabe0fa67452aaa76ccf3f84cd71a3c23d27354c840128c396690cb3a1c9a6"
url = "https://github.com/peteonrails/voxtype/releases/download/v1.1.0/voxtype-1.1.0-linux-x86_64-onnx-avx512"
url_api = "https://api.github.com/repos/peteonrails/voxtype/releases/assets/584872991"

[tools."github:peteonrails/voxtype"."platforms.macos-arm64"]
checksum = "sha256:b3fabe0fa67452aaa76ccf3f84cd71a3c23d27354c840128c396690cb3a1c9a6"
url = "https://github.com/peteonrails/voxtype/releases/download/v1.1.0/voxtype-1.1.0-linux-x86_64-onnx-avx512"
url_api = "https://api.github.com/repos/peteonrails/voxtype/releases/assets/584872991"

[tools."github:peteonrails/voxtype"."platforms.macos-x64"]
checksum = "sha256:b3fabe0fa67452aaa76ccf3f84cd71a3c23d27354c840128c396690cb3a1c9a6"
url = "https://github.com/peteonrails/voxtype/releases/download/v1.1.0/voxtype-1.1.0-linux-x86_64-onnx-avx512"
url_api = "https://api.github.com/repos/peteonrails/voxtype/releases/assets/584872991"

[tools."github:peteonrails/voxtype"."platforms.windows-x64"]
checksum = "sha256:b3fabe0fa67452aaa76ccf3f84cd71a3c23d27354c840128c396690cb3a1c9a6"
url = "https://github.com/peteonrails/voxtype/releases/download/v1.1.0/voxtype-1.1.0-linux-x86_64-onnx-avx512"
url_api = "https://api.github.com/repos/peteonrails/voxtype/releases/assets/584872991"

[[tools."github:skevetter/devpod"]]
version = "0.26.2"
backend = "github:skevetter/devpod"
specifiers = ["0.26.2"]

[tools."github:skevetter/devpod"."platforms.linux-arm64"]
checksum = "sha256:3547a902e33d26d462c4ba266a5e0f82bc8091416ebdfad10b4e9d54f7f7daa5"
url = "https://github.com/skevetter/devpod/releases/download/v0.26.2/devpod-linux-arm64"
url_api = "https://api.github.com/repos/skevetter/devpod/releases/assets/587850050"

[tools."github:skevetter/devpod"."platforms.linux-arm64-musl"]
checksum = "sha256:3547a902e33d26d462c4ba266a5e0f82bc8091416ebdfad10b4e9d54f7f7daa5"
url = "https://github.com/skevetter/devpod/releases/download/v0.26.2/devpod-linux-arm64"
url_api = "https://api.github.com/repos/skevetter/devpod/releases/assets/587850050"

[tools."github:skevetter/devpod"."platforms.linux-x64"]
checksum = "sha256:495a838710f7294c2f181cc86b303fbfeb69d1bf4670180256447186bbabbed3"
url = "https://github.com/skevetter/devpod/releases/download/v0.26.2/devpod-linux-amd64"
url_api = "https://api.github.com/repos/skevetter/devpod/releases/assets/587850052"

[tools."github:skevetter/devpod"."platforms.linux-x64-musl"]
checksum = "sha256:495a838710f7294c2f181cc86b303fbfeb69d1bf4670180256447186bbabbed3"
url = "https://github.com/skevetter/devpod/releases/download/v0.26.2/devpod-linux-amd64"
url_api = "https://api.github.com/repos/skevetter/devpod/releases/assets/587850052"

[tools."github:skevetter/devpod"."platforms.macos-arm64"]
checksum = "sha256:c47679321b7464563cd8cc6d1c737ffea923a680e7f32ae59cb56b5b2aeed509"
url = "https://github.com/skevetter/devpod/releases/download/v0.26.2/devpod-darwin-arm64"
url_api = "https://api.github.com/repos/skevetter/devpod/releases/assets/587850048"

[tools."github:skevetter/devpod"."platforms.macos-x64"]
checksum = "sha256:2fbdc294a617a9bcc46a09ae026d712bd54bf76a71639845a439dd7f5e52be28"
url = "https://github.com/skevetter/devpod/releases/download/v0.26.2/devpod-darwin-amd64"
url_api = "https://api.github.com/repos/skevetter/devpod/releases/assets/587850049"

[tools."github:skevetter/devpod"."platforms.windows-x64"]
checksum = "sha256:d55df566749f0966eed64868bd04bf1394048c54879ae445f9ceecdd0d2e91e8"
url = "https://github.com/skevetter/devpod/releases/download/v0.26.2/DevPod_windows_x64.exe"
url_api = "https://api.github.com/repos/skevetter/devpod/releases/assets/587856138"

[[tools."github:twpayne/chezmoi"]]
version = "2.72.2"
backend = "github:twpayne/chezmoi"
specifiers = ["2.72.2"]

[tools."github:twpayne/chezmoi"."platforms.linux-arm64"]
checksum = "sha256:499925fd10804b7c1a5dc4b4a275c8935261d02a4be0c18bbd41b7747810de67"
url = "https://github.com/twpayne/chezmoi/releases/download/v2.72.2/chezmoi_2.72.2_linux_arm64.tar.gz"
url_api = "https://api.github.com/repos/twpayne/chezmoi/releases/assets/561706486"
provenance = "github-attestations"

[tools."github:twpayne/chezmoi"."platforms.linux-arm64-musl"]
checksum = "sha256:499925fd10804b7c1a5dc4b4a275c8935261d02a4be0c18bbd41b7747810de67"
url = "https://github.com/twpayne/chezmoi/releases/download/v2.72.2/chezmoi_2.72.2_linux_arm64.tar.gz"
url_api = "https://api.github.com/repos/twpayne/chezmoi/releases/assets/561706486"
provenance = "github-attestations"

[tools."github:twpayne/chezmoi"."platforms.linux-x64"]
checksum = "sha256:a2be1b8bcdf06c6f173e070bb3ddbcc52c50478fe9b57f6e6c63d15c7cff4f03"
url = "https://github.com/twpayne/chezmoi/releases/download/v2.72.2/chezmoi_2.72.2_linux-glibc_amd64.tar.gz"
url_api = "https://api.github.com/repos/twpayne/chezmoi/releases/assets/561706563"
provenance = "github-attestations"
provenance_verified = true

[tools."github:twpayne/chezmoi"."platforms.linux-x64-musl"]
checksum = "sha256:791ee366ae62222ad4ae02cc9d5b19f7548953f767678d9a7158b02960895081"
url = "https://github.com/twpayne/chezmoi/releases/download/v2.72.2/chezmoi_2.72.2_linux-musl_amd64.tar.gz"
url_api = "https://api.github.com/repos/twpayne/chezmoi/releases/assets/561706565"
provenance = "github-attestations"

[tools."github:twpayne/chezmoi"."platforms.macos-arm64"]
checksum = "sha256:2b0c7e57f3f2da44628fa9f6863b9bd41f0935cfd2416228aa9df6daab6690f5"
url = "https://github.com/twpayne/chezmoi/releases/download/v2.72.2/chezmoi_2.72.2_darwin_arm64.tar.gz"
url_api = "https://api.github.com/repos/twpayne/chezmoi/releases/assets/561706522"
provenance = "github-attestations"

[tools."github:twpayne/chezmoi"."platforms.macos-x64"]
checksum = "sha256:08ad1ba33a73e68f7657ee226f72b5d800b5a947954b06e185e8591bd32b0063"
url = "https://github.com/twpayne/chezmoi/releases/download/v2.72.2/chezmoi_2.72.2_darwin_amd64.tar.gz"
url_api = "https://api.github.com/repos/twpayne/chezmoi/releases/assets/561706295"
provenance = "github-attestations"

[tools."github:twpayne/chezmoi"."platforms.windows-x64"]
checksum = "sha256:5c2038736c485d4e3eaad4ac06ea1fe3c4b63d4d51e470547bf12737c02f37f6"
url = "https://github.com/twpayne/chezmoi/releases/download/v2.72.2/chezmoi_2.72.2_windows_amd64.zip"
url_api = "https://api.github.com/repos/twpayne/chezmoi/releases/assets/561706352"
provenance = "github-attestations"

[[tools.herdr]]
version = "0.9.1"
backend = "aqua:ogulcancelik/herdr"
specifiers = ["0.9.1"]

[tools.herdr."platforms.linux-arm64"]
checksum = "sha256:f4ccf4de745f2cb9a39a983e9ba3703dad50ec2a58dea83026ceab721bbd8d9e"
url = "https://github.com/herdrdev/herdr/releases/download/v0.9.1/herdr-linux-aarch64"
url_api = "https://api.github.com/repos/herdrdev/herdr/releases/assets/568559680"

[tools.herdr."platforms.linux-arm64-musl"]
checksum = "sha256:f4ccf4de745f2cb9a39a983e9ba3703dad50ec2a58dea83026ceab721bbd8d9e"
url = "https://github.com/herdrdev/herdr/releases/download/v0.9.1/herdr-linux-aarch64"
url_api = "https://api.github.com/repos/herdrdev/herdr/releases/assets/568559680"

[tools.herdr."platforms.linux-x64"]
checksum = "sha256:2a02fed16beb651ef006e1d43f048f652ca4dc58ad053cd2d44450563d5c54b7"
url = "https://github.com/herdrdev/herdr/releases/download/v0.9.1/herdr-linux-x86_64"
url_api = "https://api.github.com/repos/herdrdev/herdr/releases/assets/568559679"

[tools.herdr."platforms.linux-x64-musl"]
checksum = "sha256:2a02fed16beb651ef006e1d43f048f652ca4dc58ad053cd2d44450563d5c54b7"
url = "https://github.com/herdrdev/herdr/releases/download/v0.9.1/herdr-linux-x86_64"
url_api = "https://api.github.com/repos/herdrdev/herdr/releases/assets/568559679"

[tools.herdr."platforms.macos-arm64"]
checksum = "sha256:5fc7a7e7adfaca56fa80aa89dcb025693357268dab8285b9ce2d08a2313c89de"
url = "https://github.com/herdrdev/herdr/releases/download/v0.9.1/herdr-macos-aarch64"
url_api = "https://api.github.com/repos/herdrdev/herdr/releases/assets/568559677"

[tools.herdr."platforms.macos-x64"]
checksum = "sha256:053be0639935fe54ab5efbdb46651054e4f6a753a5b43153c88bd6912bce1e94"
url = "https://github.com/herdrdev/herdr/releases/download/v0.9.1/herdr-macos-x86_64"
url_api = "https://api.github.com/repos/herdrdev/herdr/releases/assets/568559678"

[tools.herdr."platforms.windows-x64"]
checksum = "sha256:04ce380cac5af27bfcf75d0951ac49b7afe4c984aee8852985806d4f71f93a6e"
url = "https://github.com/herdrdev/herdr/releases/download/v0.9.1/herdr-windows-x86_64.zip"
url_api = "https://api.github.com/repos/herdrdev/herdr/releases/assets/568559681"

[[tools.jj]]
version = "0.45.1"
backend = "aqua:jj-vcs/jj"
specifiers = ["0.45.1"]

[tools.jj."platforms.linux-arm64"]
checksum = "sha256:7349a43dd5a20dbc998b10114daa0ee63d2ab863fb822c7eb6b0ebca5903cc69"
url = "https://github.com/jj-vcs/jj/releases/download/v0.45.1/jj-v0.45.1-aarch64-unknown-linux-musl.tar.gz"
url_api = "https://api.github.com/repos/jj-vcs/jj/releases/assets/543031340"

[tools.jj."platforms.linux-arm64-musl"]
checksum = "sha256:7349a43dd5a20dbc998b10114daa0ee63d2ab863fb822c7eb6b0ebca5903cc69"
url = "https://github.com/jj-vcs/jj/releases/download/v0.45.1/jj-v0.45.1-aarch64-unknown-linux-musl.tar.gz"
url_api = "https://api.github.com/repos/jj-vcs/jj/releases/assets/543031340"

[tools.jj."platforms.linux-x64"]
checksum = "sha256:f35438350b5d61963aac5dd74ede510b31d6b9690769d1a6268cf058cc825f72"
url = "https://github.com/jj-vcs/jj/releases/download/v0.45.1/jj-v0.45.1-x86_64-unknown-linux-musl.tar.gz"
url_api = "https://api.github.com/repos/jj-vcs/jj/releases/assets/543032052"

[tools.jj."platforms.linux-x64-musl"]
checksum = "sha256:f35438350b5d61963aac5dd74ede510b31d6b9690769d1a6268cf058cc825f72"
url = "https://github.com/jj-vcs/jj/releases/download/v0.45.1/jj-v0.45.1-x86_64-unknown-linux-musl.tar.gz"
url_api = "https://api.github.com/repos/jj-vcs/jj/releases/assets/543032052"

[tools.jj."platforms.macos-arm64"]
checksum = "sha256:51ba42e3d0682616f6eb015045bfe45289b396f03511f9897f645ce8e9272743"
url = "https://github.com/jj-vcs/jj/releases/download/v0.45.1/jj-v0.45.1-aarch64-apple-darwin.tar.gz"
url_api = "https://api.github.com/repos/jj-vcs/jj/releases/assets/543036998"

[tools.jj."platforms.macos-x64"]
checksum = "sha256:6171582d0b5a98a1005cd9643faebff7936812ec264d7968a39d9cef3654a99b"
url = "https://github.com/jj-vcs/jj/releases/download/v0.45.1/jj-v0.45.1-x86_64-apple-darwin.tar.gz"
url_api = "https://api.github.com/repos/jj-vcs/jj/releases/assets/543034411"

[tools.jj."platforms.windows-x64"]
checksum = "sha256:5dbf2619272c897394d34190a94b21a6ab8d1e8e59fcf7dfc173d8fa8aa90bf0"
url = "https://github.com/jj-vcs/jj/releases/download/v0.45.1/jj-v0.45.1-x86_64-pc-windows-msvc.zip"
url_api = "https://api.github.com/repos/jj-vcs/jj/releases/assets/543038773"

[[tools.lsd]]
version = "1.2.0"
backend = "aqua:lsd-rs/lsd"
specifiers = ["1.2.0"]

[tools.lsd."platforms.linux-arm64"]
checksum = "sha256:48c069cf73a8ed0851f366afeac86e3a9b7db416133f45d033d31d123f819f26"
url = "https://github.com/lsd-rs/lsd/releases/download/v1.2.0/lsd-v1.2.0-aarch64-unknown-linux-gnu.tar.gz"
url_api = "https://api.github.com/repos/lsd-rs/lsd/releases/assets/303319672"

[tools.lsd."platforms.linux-arm64-musl"]
checksum = "sha256:642ecb1a763b9f790a99c83a1445c117a6813ed4edb5d498d4420423c6353eb8"
url = "https://github.com/lsd-rs/lsd/releases/download/v1.2.0/lsd-v1.2.0-aarch64-unknown-linux-musl.tar.gz"
url_api = "https://api.github.com/repos/lsd-rs/lsd/releases/assets/303319949"

[tools.lsd."platforms.linux-x64"]
checksum = "sha256:57d3b5859254adcfb8374ce98159cca97a14959997d2ae1176d2cff59556d829"
url = "https://github.com/lsd-rs/lsd/releases/download/v1.2.0/lsd-v1.2.0-x86_64-unknown-linux-gnu.tar.gz"
url_api = "https://api.github.com/repos/lsd-rs/lsd/releases/assets/303319829"

[tools.lsd."platforms.linux-x64-musl"]
checksum = "sha256:77849da1210336534258551a581401ba19ae6b8d7b66a2a1feff148ad41e3814"
url = "https://github.com/lsd-rs/lsd/releases/download/v1.2.0/lsd-v1.2.0-x86_64-unknown-linux-musl.tar.gz"
url_api = "https://api.github.com/repos/lsd-rs/lsd/releases/assets/303319745"

[tools.lsd."platforms.macos-arm64"]
checksum = "sha256:9e34a5d392ff913302098aad0543dafa1883c531eaf229b82f086c3fca675e3e"
url = "https://github.com/lsd-rs/lsd/releases/download/v1.2.0/lsd-v1.2.0-aarch64-apple-darwin.tar.gz"
url_api = "https://api.github.com/repos/lsd-rs/lsd/releases/assets/303319340"

[tools.lsd."platforms.macos-x64"]
checksum = "sha256:00d3c50551b270bbdf7da97816e5ba7f5fd10294cd310165f7f8b5523e738b9c"
url = "https://github.com/lsd-rs/lsd/releases/download/v1.2.0/lsd-v1.2.0-x86_64-apple-darwin.tar.gz"
url_api = "https://api.github.com/repos/lsd-rs/lsd/releases/assets/303319774"

[tools.lsd."platforms.windows-x64"]
checksum = "sha256:a65b9f457153934a7ce1f7e0fe1c4922a95bb2822222126e4fbaa6ee9c0d78e5"
url = "https://github.com/lsd-rs/lsd/releases/download/v1.2.0/lsd-v1.2.0-x86_64-pc-windows-msvc.zip"
url_api = "https://api.github.com/repos/lsd-rs/lsd/releases/assets/303320206"

[[tools.node]]
version = "26.10.0"
backend = "core:node"
specifiers = ["26.10.0"]

[tools.node."platforms.linux-arm64"]
checksum = "sha256:423a41bff8e2a2fa15e702fefe2919ef95823b2378744daccb8439302534b44f"
url = "https://nodejs.org/dist/v26.10.0/node-v26.10.0-linux-arm64.tar.gz"

[tools.node."platforms.linux-arm64-musl"]
checksum = "sha256:d26027bff3197050d2a2b0bfa151b18e8378ed81affa2bf5093804db158979b6"
url = "https://unofficial-builds.nodejs.org/download/release/v26.10.0/node-v26.10.0-linux-arm64-musl.tar.gz"

[tools.node."platforms.linux-x64"]
checksum = "sha256:cb5c9ce9c80d7b8821e3a258543c71b939138cf17c74d5cc44bbe85d6dbc5ad8"
url = "https://nodejs.org/dist/v26.10.0/node-v26.10.0-linux-x64.tar.gz"

[tools.node."platforms.linux-x64-musl"]
checksum = "sha256:e42da94821b9422eb76bf5aaf4de0977e04ba320b8aff6148d895a94b08ee223"
url = "https://unofficial-builds.nodejs.org/download/release/v26.10.0/node-v26.10.0-linux-x64-musl.tar.gz"

[tools.node."platforms.macos-arm64"]
checksum = "sha256:751fdf7439f115d87ee2a8f3f18c065b6151852068e3e666ac60ac2996f75ac9"
url = "https://nodejs.org/dist/v26.10.0/node-v26.10.0-darwin-arm64.tar.gz"

[tools.node."platforms.macos-x64"]
checksum = "sha256:ebbe9ab9b58ad6bb54390d6e2c862c1afa7d4475fb7e8ae8146acde211bf70df"
url = "https://nodejs.org/dist/v26.10.0/node-v26.10.0-darwin-x64.tar.gz"

[tools.node."platforms.windows-x64"]
checksum = "sha256:9fef7eca6743a6b910989cd8e78712376b394fcb9b6e1e9c44a0799a287f90c5"
url = "https://nodejs.org/dist/v26.10.0/node-v26.10.0-win-x64.zip"

[[tools.ripgrep]]
version = "15.2.0"
backend = "aqua:BurntSushi/ripgrep"
specifiers = ["15.2.0"]

[tools.ripgrep."platforms.linux-arm64"]
checksum = "sha256:a740b91c82eaf9914cfedd353572f2791cbe0162c84101ee0951058f4dcbc90d"
url = "https://github.com/BurntSushi/ripgrep/releases/download/15.2.0/ripgrep-15.2.0-aarch64-unknown-linux-gnu.tar.gz"
url_api = "https://api.github.com/repos/BurntSushi/ripgrep/releases/assets/478119579"

[tools.ripgrep."platforms.linux-arm64-musl"]
checksum = "sha256:800b1e7206afe799dfb5a6901f23147cfaabe0e52210538100f61e86e1740915"
url = "https://github.com/BurntSushi/ripgrep/releases/download/15.2.0/ripgrep-15.2.0-aarch64-unknown-linux-musl.tar.gz"
url_api = "https://api.github.com/repos/BurntSushi/ripgrep/releases/assets/478120060"

[tools.ripgrep."platforms.linux-x64"]
checksum = "sha256:33e15bcf1624b25cdd2a55813a47a2f95dbe126268203e76aa6a585d1e7b149c"
url = "https://github.com/BurntSushi/ripgrep/releases/download/15.2.0/ripgrep-15.2.0-x86_64-unknown-linux-musl.tar.gz"
url_api = "https://api.github.com/repos/BurntSushi/ripgrep/releases/assets/478120097"

[tools.ripgrep."platforms.linux-x64-musl"]
checksum = "sha256:33e15bcf1624b25cdd2a55813a47a2f95dbe126268203e76aa6a585d1e7b149c"
url = "https://github.com/BurntSushi/ripgrep/releases/download/15.2.0/ripgrep-15.2.0-x86_64-unknown-linux-musl.tar.gz"
url_api = "https://api.github.com/repos/BurntSushi/ripgrep/releases/assets/478120097"

[tools.ripgrep."platforms.macos-arm64"]
checksum = "sha256:3750b2e93f37e0c692657da574d7019a101c0084da05a790c83fd335bad973e4"
url = "https://github.com/BurntSushi/ripgrep/releases/download/15.2.0/ripgrep-15.2.0-aarch64-apple-darwin.tar.gz"
url_api = "https://api.github.com/repos/BurntSushi/ripgrep/releases/assets/478118851"

[tools.ripgrep."platforms.macos-x64"]
checksum = "sha256:af7825fcc69a2afc7a7aea55fc9af90e26421d8f20fe59df32e233c0b8a231c1"
url = "https://github.com/BurntSushi/ripgrep/releases/download/15.2.0/ripgrep-15.2.0-x86_64-apple-darwin.tar.gz"
url_api = "https://api.github.com/repos/BurntSushi/ripgrep/releases/assets/478119585"

[tools.ripgrep."platforms.windows-x64"]
checksum = "sha256:71b2fef860abe467217a538ff31de02f5258807c0129f771846f87bd029aafc5"
url = "https://github.com/BurntSushi/ripgrep/releases/download/15.2.0/ripgrep-15.2.0-x86_64-pc-windows-msvc.zip"
url_api = "https://api.github.com/repos/BurntSushi/ripgrep/releases/assets/478119643"

[[tools.starship]]
version = "1.26.0"
backend = "aqua:starship/starship"
specifiers = ["1.26.0"]

[tools.starship."platforms.linux-arm64"]
checksum = "sha256:dc30189378d2f2e287384e8a692d3f95ad1df64cf0e8c36aa9201516028aed6b"
url = "https://github.com/starship/starship/releases/download/v1.26.0/starship-aarch64-unknown-linux-musl.tar.gz"
url_api = "https://api.github.com/repos/starship/starship/releases/assets/460374586"

[tools.starship."platforms.linux-arm64-musl"]
checksum = "sha256:dc30189378d2f2e287384e8a692d3f95ad1df64cf0e8c36aa9201516028aed6b"
url = "https://github.com/starship/starship/releases/download/v1.26.0/starship-aarch64-unknown-linux-musl.tar.gz"
url_api = "https://api.github.com/repos/starship/starship/releases/assets/460374586"

[tools.starship."platforms.linux-x64"]
checksum = "sha256:321f0dd7af8340a5f2e6a8fec6538a04f617486f9ec70d878f91c09cd8deef22"
url = "https://github.com/starship/starship/releases/download/v1.26.0/starship-x86_64-unknown-linux-gnu.tar.gz"
url_api = "https://api.github.com/repos/starship/starship/releases/assets/460374620"

[tools.starship."platforms.linux-x64-musl"]
checksum = "sha256:b7c232b0e8249d8e55a40beb79c5c43a7d370f3f9408bd215deb0170daeaadf3"
url = "https://github.com/starship/starship/releases/download/v1.26.0/starship-x86_64-unknown-linux-musl.tar.gz"
url_api = "https://api.github.com/repos/starship/starship/releases/assets/460374630"

[tools.starship."platforms.macos-arm64"]
checksum = "sha256:c40b27b11f580411e068f2fa6c1be7830a387c0bc47a94d1d37f32b054c5361d"
url = "https://github.com/starship/starship/releases/download/v1.26.0/starship-aarch64-apple-darwin.tar.gz"
url_api = "https://api.github.com/repos/starship/starship/releases/assets/460374577"

[tools.starship."platforms.macos-x64"]
checksum = "sha256:5548f406a4b6f5695903bdea83f77ce47ec12c8c0e62dabd33122d8f133e4207"
url = "https://github.com/starship/starship/releases/download/v1.26.0/starship-x86_64-apple-darwin.tar.gz"
url_api = "https://api.github.com/repos/starship/starship/releases/assets/460374608"

[tools.starship."platforms.windows-x64"]
checksum = "sha256:690021e22f2bf2c57d5867dc0fababe5e55e714c26942bd909ffddb6c5df42f2"
url = "https://github.com/starship/starship/releases/download/v1.26.0/starship-x86_64-pc-windows-msvc.zip"
url_api = "https://api.github.com/repos/starship/starship/releases/assets/460374615"

[[tools.zellij]]
version = "0.45.1"
backend = "aqua:zellij-org/zellij"
specifiers = ["0.45.1"]

[tools.zellij."platforms.linux-arm64"]
checksum = "sha256:05f0802afadd53f8db9514e7cae53c9ae8432fed1b35b8294aa816ee3044a16b"
url = "https://github.com/zellij-org/zellij/releases/download/v0.45.1/zellij-aarch64-unknown-linux-musl.tar.gz"
url_api = "https://api.github.com/repos/zellij-org/zellij/releases/assets/533540067"

[tools.zellij."platforms.linux-arm64-musl"]
checksum = "sha256:05f0802afadd53f8db9514e7cae53c9ae8432fed1b35b8294aa816ee3044a16b"
url = "https://github.com/zellij-org/zellij/releases/download/v0.45.1/zellij-aarch64-unknown-linux-musl.tar.gz"
url_api = "https://api.github.com/repos/zellij-org/zellij/releases/assets/533540067"

[tools.zellij."platforms.linux-x64"]
checksum = "sha256:40bcc2e03f5d5ae8e054e39f676081fe12ab70871506996ba595834c3718eefc"
url = "https://github.com/zellij-org/zellij/releases/download/v0.45.1/zellij-x86_64-unknown-linux-musl.tar.gz"
url_api = "https://api.github.com/repos/zellij-org/zellij/releases/assets/533538763"

[tools.zellij."platforms.linux-x64-musl"]
checksum = "sha256:40bcc2e03f5d5ae8e054e39f676081fe12ab70871506996ba595834c3718eefc"
url = "https://github.com/zellij-org/zellij/releases/download/v0.45.1/zellij-x86_64-unknown-linux-musl.tar.gz"
url_api = "https://api.github.com/repos/zellij-org/zellij/releases/assets/533538763"

[tools.zellij."platforms.macos-arm64"]
checksum = "sha256:c029ba4fe1927b79ad9f0cdd59155c4dff80777863c85857d4d09b88b56f9891"
url = "https://github.com/zellij-org/zellij/releases/download/v0.45.1/zellij-aarch64-apple-darwin.tar.gz"
url_api = "https://api.github.com/repos/zellij-org/zellij/releases/assets/533540212"

[tools.zellij."platforms.macos-x64"]
checksum = "sha256:8e8bea22737d1652278c51fc5c26c7c22c9855d0ebb9634a84b8873823093114"
url = "https://github.com/zellij-org/zellij/releases/download/v0.45.1/zellij-x86_64-apple-darwin.tar.gz"
url_api = "https://api.github.com/repos/zellij-org/zellij/releases/assets/533542274"

[tools.zellij."platforms.windows-x64"]
checksum = "sha256:b854e7b223e67d0705c5f685ef50541c38a57981b13624d09c92bed419b6f80d"
url = "https://github.com/zellij-org/zellij/releases/download/v0.45.1/zellij-x86_64-pc-windows-msvc.zip"
url_api = "https://api.github.com/repos/zellij-org/zellij/releases/assets/533558859"
