# @generated - this file is auto-generated by `mise lock` https://mise.jdx.dev/dev-tools/mise-lock.html

[[tools.bat]]
version = "0.26.1"
backend = "aqua:sharkdp/bat"

[tools.bat."platforms.linux-arm64"]
checksum = "sha256:6369242c584065f195fb20cb36fbd7cb63ae690605bbe89868a7596b596c2c23"
url = "https://github.com/sharkdp/bat/releases/download/v0.26.1/bat-v0.26.1-aarch64-unknown-linux-musl.tar.gz"

[tools.bat."platforms.linux-arm64-musl"]
checksum = "sha256:6369242c584065f195fb20cb36fbd7cb63ae690605bbe89868a7596b596c2c23"
url = "https://github.com/sharkdp/bat/releases/download/v0.26.1/bat-v0.26.1-aarch64-unknown-linux-musl.tar.gz"

[tools.bat."platforms.linux-x64"]
checksum = "sha256:0dcd8ac79732c0d5b136f11f4ee00e581440e16a44eab5b3105b611bbf2cf191"
url = "https://github.com/sharkdp/bat/releases/download/v0.26.1/bat-v0.26.1-x86_64-unknown-linux-musl.tar.gz"

[tools.bat."platforms.linux-x64-musl"]
checksum = "sha256:0dcd8ac79732c0d5b136f11f4ee00e581440e16a44eab5b3105b611bbf2cf191"
url = "https://github.com/sharkdp/bat/releases/download/v0.26.1/bat-v0.26.1-x86_64-unknown-linux-musl.tar.gz"

[tools.bat."platforms.macos-arm64"]
checksum = "sha256:e30beff26779c9bf60bb541e1d79046250cb74378f2757f8eb250afddb19e114"
url = "https://github.com/sharkdp/bat/releases/download/v0.26.1/bat-v0.26.1-aarch64-apple-darwin.tar.gz"

[tools.bat."platforms.macos-x64"]
checksum = "sha256:830d63b0bba1fa040542ec569e3cf77f60d3356b9de75116a344b061e0894245"
url = "https://github.com/sharkdp/bat/releases/download/v0.26.1/bat-v0.26.1-x86_64-apple-darwin.tar.gz"

[tools.bat."platforms.windows-x64"]
checksum = "sha256:0f729b4b6f5f28d395c641eacc2e9ff68d0096b85aa0eec344aa62425144b69b"
url = "https://github.com/sharkdp/bat/releases/download/v0.26.1/bat-v0.26.1-x86_64-pc-windows-msvc.zip"

[[tools.btop]]
version = "1.4.6"
backend = "aqua:aristocratos/btop"

[tools.btop."platforms.linux-arm64"]
checksum = "sha256:7902578c0439332573148caf6b3515df2b158d163baeeff046028e428ec3295a"
url = "https://github.com/aristocratos/btop/releases/download/v1.4.6/btop-aarch64-unknown-linux-musl.tbz"

[tools.btop."platforms.linux-arm64-musl"]
checksum = "sha256:7902578c0439332573148caf6b3515df2b158d163baeeff046028e428ec3295a"
url = "https://github.com/aristocratos/btop/releases/download/v1.4.6/btop-aarch64-unknown-linux-musl.tbz"

[tools.btop."platforms.linux-x64"]
checksum = "sha256:9bf7ed170423bb3709a8020767bd2ca529c5632af478f229dce7cdfd32b25691"
url = "https://github.com/aristocratos/btop/releases/download/v1.4.6/btop-x86_64-unknown-linux-musl.tbz"

[tools.btop."platforms.linux-x64-musl"]
checksum = "sha256:9bf7ed170423bb3709a8020767bd2ca529c5632af478f229dce7cdfd32b25691"
url = "https://github.com/aristocratos/btop/releases/download/v1.4.6/btop-x86_64-unknown-linux-musl.tbz"

[[tools.difftastic]]
version = "0.68.0"
backend = "aqua:Wilfred/difftastic"

[tools.difftastic."platforms.linux-arm64"]
checksum = "sha256:faadfb3a88c194033449092fad3a86f1179738a0b3bfc44580c83473bdb17451"
url = "https://github.com/Wilfred/difftastic/releases/download/0.68.0/difft-aarch64-unknown-linux-gnu.tar.gz"

[tools.difftastic."platforms.linux-arm64-musl"]
checksum = "sha256:faadfb3a88c194033449092fad3a86f1179738a0b3bfc44580c83473bdb17451"
url = "https://github.com/Wilfred/difftastic/releases/download/0.68.0/difft-aarch64-unknown-linux-gnu.tar.gz"

[tools.difftastic."platforms.linux-x64"]
checksum = "sha256:c242d19dd36deca88da9792ab81781babc309c4f3e9ccc8ce8b3a175b52e7b16"
url = "https://github.com/Wilfred/difftastic/releases/download/0.68.0/difft-x86_64-unknown-linux-musl.tar.gz"

[tools.difftastic."platforms.linux-x64-musl"]
checksum = "sha256:c242d19dd36deca88da9792ab81781babc309c4f3e9ccc8ce8b3a175b52e7b16"
url = "https://github.com/Wilfred/difftastic/releases/download/0.68.0/difft-x86_64-unknown-linux-musl.tar.gz"

[tools.difftastic."platforms.macos-arm64"]
checksum = "sha256:35df7904af1c1aec9570f08e1a7825301ee317f3131b6b4edbf3f6d8d209cd8c"
url = "https://github.com/Wilfred/difftastic/releases/download/0.68.0/difft-aarch64-apple-darwin.tar.gz"

[tools.difftastic."platforms.macos-x64"]
checksum = "sha256:9c727343fd0fc0504cb004b6619358e5446324e09562fb8e39d66bc82e680070"
url = "https://github.com/Wilfred/difftastic/releases/download/0.68.0/difft-x86_64-apple-darwin.tar.gz"

[tools.difftastic."platforms.windows-x64"]
checksum = "sha256:a87429ebc75343c9731debfd083b954bbd1e87011f962078b9ade92e33440348"
url = "https://github.com/Wilfred/difftastic/releases/download/0.68.0/difft-x86_64-pc-windows-msvc.zip"

[[tools.doggo]]
version = "1.1.4"
backend = "aqua:mr-karan/doggo"

[tools.doggo."platforms.linux-arm64"]
checksum = "sha256:73963d2b39048997427a4596f4cd30e14a3d62015f7f39e2980d235a216e33e9"
url = "https://github.com/mr-karan/doggo/releases/download/v1.1.4/doggo_1.1.4_Linux_arm64.tar.gz"

[tools.doggo."platforms.linux-arm64-musl"]
checksum = "sha256:73963d2b39048997427a4596f4cd30e14a3d62015f7f39e2980d235a216e33e9"
url = "https://github.com/mr-karan/doggo/releases/download/v1.1.4/doggo_1.1.4_Linux_arm64.tar.gz"

[tools.doggo."platforms.linux-x64"]
checksum = "sha256:cb57b10dd48ed3084161de2afe71a74514177b440b3f5643e02bf7a638585a5c"
url = "https://github.com/mr-karan/doggo/releases/download/v1.1.4/doggo_1.1.4_Linux_x86_64.tar.gz"

[tools.doggo."platforms.linux-x64-musl"]
checksum = "sha256:cb57b10dd48ed3084161de2afe71a74514177b440b3f5643e02bf7a638585a5c"
url = "https://github.com/mr-karan/doggo/releases/download/v1.1.4/doggo_1.1.4_Linux_x86_64.tar.gz"

[tools.doggo."platforms.macos-arm64"]
checksum = "sha256:e15fd69042ec78881774e2c76f815588530b81fed8b42cd9ee396f2013225020"
url = "https://github.com/mr-karan/doggo/releases/download/v1.1.4/doggo_1.1.4_Darwin_arm64.tar.gz"

[tools.doggo."platforms.macos-x64"]
checksum = "sha256:ca40b5c5723e5c4a872b19529f5fe213a7705ab0cdc0e512582ecc9a6d61f7d0"
url = "https://github.com/mr-karan/doggo/releases/download/v1.1.4/doggo_1.1.4_Darwin_x86_64.tar.gz"

[tools.doggo."platforms.windows-x64"]
checksum = "sha256:479d3cf06b4aa131a2b48b252bc3df5c2eb1191713a2df218c88720372d8a79c"
url = "https://github.com/mr-karan/doggo/releases/download/v1.1.4/doggo_1.1.4_Windows_x86_64.zip"

[[tools.fd]]
version = "10.4.2"
backend = "aqua:sharkdp/fd"

[tools.fd."platforms.linux-arm64"]
checksum = "sha256:f32d3657473fba74e2600babc8db0b93420d51169223b7e8143b2ed55d8fd9e8"
url = "https://github.com/sharkdp/fd/releases/download/v10.4.2/fd-v10.4.2-aarch64-unknown-linux-musl.tar.gz"

[tools.fd."platforms.linux-arm64-musl"]
checksum = "sha256:f32d3657473fba74e2600babc8db0b93420d51169223b7e8143b2ed55d8fd9e8"
url = "https://github.com/sharkdp/fd/releases/download/v10.4.2/fd-v10.4.2-aarch64-unknown-linux-musl.tar.gz"

[tools.fd."platforms.linux-x64"]
checksum = "sha256:e3257d48e29a6be965187dbd24ce9af564e0fe67b3e73c9bdcd180f4ec11bdde"
url = "https://github.com/sharkdp/fd/releases/download/v10.4.2/fd-v10.4.2-x86_64-unknown-linux-musl.tar.gz"

[tools.fd."platforms.linux-x64-musl"]
checksum = "sha256:e3257d48e29a6be965187dbd24ce9af564e0fe67b3e73c9bdcd180f4ec11bdde"
url = "https://github.com/sharkdp/fd/releases/download/v10.4.2/fd-v10.4.2-x86_64-unknown-linux-musl.tar.gz"

[tools.fd."platforms.macos-arm64"]
checksum = "sha256:623dc0afc81b92e4d4606b380d7bc91916ba7b97814263e554d50923a39e480a"
url = "https://github.com/sharkdp/fd/releases/download/v10.4.2/fd-v10.4.2-aarch64-apple-darwin.tar.gz"

[tools.fd."platforms.windows-x64"]
checksum = "sha256:b2816e506390a89941c63c9187d58a3cc10e9a55f2ef0685f9ea0eccaf7c98c8"
url = "https://github.com/sharkdp/fd/releases/download/v10.4.2/fd-v10.4.2-x86_64-pc-windows-msvc.zip"

[[tools.fzf]]
version = "0.70.0"
backend = "aqua:junegunn/fzf"

[tools.fzf."platforms.linux-arm64"]
checksum = "sha256:90a07a13b61f56dd59ccfd0f0bf05070e9cec067713d313fa2607aab2dc0e422"
url = "https://github.com/junegunn/fzf/releases/download/v0.70.0/fzf-0.70.0-linux_arm64.tar.gz"

[tools.fzf."platforms.linux-arm64-musl"]
checksum = "sha256:90a07a13b61f56dd59ccfd0f0bf05070e9cec067713d313fa2607aab2dc0e422"
url = "https://github.com/junegunn/fzf/releases/download/v0.70.0/fzf-0.70.0-linux_arm64.tar.gz"

[tools.fzf."platforms.linux-x64"]
checksum = "sha256:8fd0e0b93bdf64ba90081ffb6658d77ea5a024c122b36852b1de30f9d2733754"
url = "https://github.com/junegunn/fzf/releases/download/v0.70.0/fzf-0.70.0-linux_amd64.tar.gz"

[tools.fzf."platforms.linux-x64-musl"]
checksum = "sha256:8fd0e0b93bdf64ba90081ffb6658d77ea5a024c122b36852b1de30f9d2733754"
url = "https://github.com/junegunn/fzf/releases/download/v0.70.0/fzf-0.70.0-linux_amd64.tar.gz"

[tools.fzf."platforms.macos-arm64"]
checksum = "sha256:75f4905c2e3d00666d81dffdd001bb2a9a8e0ad4e4ac8cecfc17a7401b99e6e4"
url = "https://github.com/junegunn/fzf/releases/download/v0.70.0/fzf-0.70.0-darwin_arm64.tar.gz"

[tools.fzf."platforms.macos-x64"]
checksum = "sha256:46af74cfeb171c5e2eb936096a653061a0de0f5aeb70319bf9935d8d193e078f"
url = "https://github.com/junegunn/fzf/releases/download/v0.70.0/fzf-0.70.0-darwin_amd64.tar.gz"

[tools.fzf."platforms.windows-x64"]
checksum = "sha256:7465a6738e2c844742df973459c7509aed2d10d7a72bfd6de201b867b4eda4cd"
url = "https://github.com/junegunn/fzf/releases/download/v0.70.0/fzf-0.70.0-windows_amd64.zip"

[[tools.github-cli]]
version = "2.88.1"
backend = "aqua:cli/cli"

[tools.github-cli."platforms.linux-arm64"]
checksum = "sha256:039ce25aab0cfa0ea5160e3db75ed44699bde4b20ff63ec5991f82201f1b33b8"
url = "https://github.com/cli/cli/releases/download/v2.88.1/gh_2.88.1_linux_arm64.tar.gz"

[tools.github-cli."platforms.linux-arm64-musl"]
checksum = "sha256:039ce25aab0cfa0ea5160e3db75ed44699bde4b20ff63ec5991f82201f1b33b8"
url = "https://github.com/cli/cli/releases/download/v2.88.1/gh_2.88.1_linux_arm64.tar.gz"

[tools.github-cli."platforms.linux-x64"]
checksum = "sha256:36352a993b97e9758793cdb87f9ba674bd6d88c914488e122be78a1962203803"
url = "https://github.com/cli/cli/releases/download/v2.88.1/gh_2.88.1_linux_amd64.tar.gz"
provenance = "github-attestations"

[tools.github-cli."platforms.linux-x64-musl"]
checksum = "sha256:36352a993b97e9758793cdb87f9ba674bd6d88c914488e122be78a1962203803"
url = "https://github.com/cli/cli/releases/download/v2.88.1/gh_2.88.1_linux_amd64.tar.gz"

[tools.github-cli."platforms.macos-arm64"]
checksum = "sha256:bdbeed4821d450ef0d14821d856c05b308ab449fbf60527f298d96fbf5d2447b"
url = "https://github.com/cli/cli/releases/download/v2.88.1/gh_2.88.1_macOS_arm64.zip"

[tools.github-cli."platforms.macos-x64"]
checksum = "sha256:ff0fc4bdb9699f0c02e5bcdcbd09d0f8e4c4659aa5d30bcd39a3557ed7379b2e"
url = "https://github.com/cli/cli/releases/download/v2.88.1/gh_2.88.1_macOS_amd64.zip"

[tools.github-cli."platforms.windows-x64"]
checksum = "sha256:8fdaac525d8919f9f8c265f99ffa26189e5f1fd3a35636adad4fd890a141a555"
url = "https://github.com/cli/cli/releases/download/v2.88.1/gh_2.88.1_windows_amd64.zip"

[[tools."github:nushell/nushell"]]
version = "0.111.0"
backend = "github:nushell/nushell"

[tools."github:nushell/nushell"."platforms.linux-arm64"]
checksum = "sha256:ff72150fefcac7c990fa0f2e04550d51b609274cbd0a2831335e6975bd2079c8"
url = "https://github.com/nushell/nushell/releases/download/0.111.0/nu-0.111.0-aarch64-unknown-linux-gnu.tar.gz"
url_api = "https://api.github.com/repos/nushell/nushell/releases/assets/364358182"

[tools."github:nushell/nushell"."platforms.linux-arm64-musl"]
checksum = "sha256:fe8c4e1d8efd5333425b53d0502b43f7e78bebc5e9e44f27a49870ea65394d74"
url = "https://github.com/nushell/nushell/releases/download/0.111.0/nu-0.111.0-aarch64-unknown-linux-musl.tar.gz"
url_api = "https://api.github.com/repos/nushell/nushell/releases/assets/364358420"

[tools."github:nushell/nushell"."platforms.linux-x64"]
checksum = "sha256:aa5376efaa5f2da98ebae884b901af6504dc8291acf5f4147ac994e9d03cd1ba"
url = "https://github.com/nushell/nushell/releases/download/0.111.0/nu-0.111.0-x86_64-unknown-linux-gnu.tar.gz"
url_api = "https://api.github.com/repos/nushell/nushell/releases/assets/364357940"

[tools."github:nushell/nushell"."platforms.linux-x64-musl"]
checksum = "sha256:aaf0cce45be9f3b30b3e297b9b5026f91b48df088b3c110ac5db79a7a7d957e5"
url = "https://github.com/nushell/nushell/releases/download/0.111.0/nu-0.111.0-x86_64-unknown-linux-musl.tar.gz"
url_api = "https://api.github.com/repos/nushell/nushell/releases/assets/364357936"

[tools."github:nushell/nushell"."platforms.macos-arm64"]
checksum = "sha256:260e59f7f9ac65cad4624cd45c11e38ac8aed7d0d7d027ad2d39f50d2373b274"
url = "https://github.com/nushell/nushell/releases/download/0.111.0/nu-0.111.0-aarch64-apple-darwin.tar.gz"
url_api = "https://api.github.com/repos/nushell/nushell/releases/assets/364358588"

[tools."github:nushell/nushell"."platforms.macos-x64"]
checksum = "sha256:20dae71461c4d432531f78e5dfcd1f3cf5919ebbbafd10a95e8a2925532b721a"
url = "https://github.com/nushell/nushell/releases/download/0.111.0/nu-0.111.0-x86_64-apple-darwin.tar.gz"
url_api = "https://api.github.com/repos/nushell/nushell/releases/assets/364359961"

[tools."github:nushell/nushell"."platforms.windows-x64"]
checksum = "sha256:4efd0a72ce26052961183aa3ecb8dce17bb6c43903392bc3521a9fda4e6127b2"
url = "https://github.com/nushell/nushell/releases/download/0.111.0/nu-0.111.0-x86_64-pc-windows-msvc.zip"
url_api = "https://api.github.com/repos/nushell/nushell/releases/assets/364363191"

[[tools."github:peteonrails/voxtype"]]
version = "0.6.3"
backend = "github:peteonrails/voxtype"

[tools."github:peteonrails/voxtype".options]
asset_pattern = "voxtype-*-linux-x86_64-vulkan"

[tools."github:peteonrails/voxtype"."platforms.linux-arm64"]
checksum = "sha256:5af469003a6ce4e8a24716757587730cec0431e6a2cf5f09fc7864a54241cc49"
url = "https://github.com/peteonrails/voxtype/releases/download/v0.6.3/voxtype-0.6.3-linux-x86_64-vulkan"
url_api = "https://api.github.com/repos/peteonrails/voxtype/releases/assets/363038504"

[tools."github:peteonrails/voxtype"."platforms.linux-arm64-musl"]
checksum = "sha256:5af469003a6ce4e8a24716757587730cec0431e6a2cf5f09fc7864a54241cc49"
url = "https://github.com/peteonrails/voxtype/releases/download/v0.6.3/voxtype-0.6.3-linux-x86_64-vulkan"
url_api = "https://api.github.com/repos/peteonrails/voxtype/releases/assets/363038504"

[tools."github:peteonrails/voxtype"."platforms.linux-x64"]
checksum = "sha256:5af469003a6ce4e8a24716757587730cec0431e6a2cf5f09fc7864a54241cc49"
url = "https://github.com/peteonrails/voxtype/releases/download/v0.6.3/voxtype-0.6.3-linux-x86_64-vulkan"
url_api = "https://api.github.com/repos/peteonrails/voxtype/releases/assets/363038504"

[tools."github:peteonrails/voxtype"."platforms.linux-x64-musl"]
checksum = "sha256:5af469003a6ce4e8a24716757587730cec0431e6a2cf5f09fc7864a54241cc49"
url = "https://github.com/peteonrails/voxtype/releases/download/v0.6.3/voxtype-0.6.3-linux-x86_64-vulkan"
url_api = "https://api.github.com/repos/peteonrails/voxtype/releases/assets/363038504"

[tools."github:peteonrails/voxtype"."platforms.macos-arm64"]
checksum = "sha256:5af469003a6ce4e8a24716757587730cec0431e6a2cf5f09fc7864a54241cc49"
url = "https://github.com/peteonrails/voxtype/releases/download/v0.6.3/voxtype-0.6.3-linux-x86_64-vulkan"
url_api = "https://api.github.com/repos/peteonrails/voxtype/releases/assets/363038504"

[tools."github:peteonrails/voxtype"."platforms.macos-x64"]
checksum = "sha256:5af469003a6ce4e8a24716757587730cec0431e6a2cf5f09fc7864a54241cc49"
url = "https://github.com/peteonrails/voxtype/releases/download/v0.6.3/voxtype-0.6.3-linux-x86_64-vulkan"
url_api = "https://api.github.com/repos/peteonrails/voxtype/releases/assets/363038504"

[tools."github:peteonrails/voxtype"."platforms.windows-x64"]
checksum = "sha256:5af469003a6ce4e8a24716757587730cec0431e6a2cf5f09fc7864a54241cc49"
url = "https://github.com/peteonrails/voxtype/releases/download/v0.6.3/voxtype-0.6.3-linux-x86_64-vulkan"
url_api = "https://api.github.com/repos/peteonrails/voxtype/releases/assets/363038504"

[[tools."github:twpayne/chezmoi"]]
version = "2.70.0"
backend = "github:twpayne/chezmoi"

[tools."github:twpayne/chezmoi"."platforms.linux-arm64"]
checksum = "sha256:ae14fdaa95411726659eb86d6ee014a60c6cbe6c8f7341d5252e075ad84f1ca3"
url = "https://github.com/twpayne/chezmoi/releases/download/v2.70.0/chezmoi_2.70.0_linux_arm64.pkg.tar.zst"
url_api = "https://api.github.com/repos/twpayne/chezmoi/releases/assets/370444450"

[tools."github:twpayne/chezmoi"."platforms.linux-arm64-musl"]
checksum = "sha256:ae14fdaa95411726659eb86d6ee014a60c6cbe6c8f7341d5252e075ad84f1ca3"
url = "https://github.com/twpayne/chezmoi/releases/download/v2.70.0/chezmoi_2.70.0_linux_arm64.pkg.tar.zst"
url_api = "https://api.github.com/repos/twpayne/chezmoi/releases/assets/370444450"

[tools."github:twpayne/chezmoi"."platforms.linux-x64"]
checksum = "sha256:32dbc87a4db7163d0f8c3156b631e3ee1cc6fed400f43ff467eca4211f2905e7"
url = "https://github.com/twpayne/chezmoi/releases/download/v2.70.0/chezmoi_2.70.0_linux-glibc_amd64.tar.gz"
url_api = "https://api.github.com/repos/twpayne/chezmoi/releases/assets/370444442"

[tools."github:twpayne/chezmoi"."platforms.linux-x64-musl"]
checksum = "sha256:bf16a9f373dacca92c8ceb691d63c2ad5eaec1b54c4a62a15adf2f1ef15a6060"
url = "https://github.com/twpayne/chezmoi/releases/download/v2.70.0/chezmoi_2.70.0_linux-musl_amd64.tar.gz"
url_api = "https://api.github.com/repos/twpayne/chezmoi/releases/assets/370444443"

[tools."github:twpayne/chezmoi"."platforms.macos-arm64"]
checksum = "sha256:87142ac0465e9b1cd04a71c06c5164867fded7778c3c098f8efbea3ee9df1ade"
url = "https://github.com/twpayne/chezmoi/releases/download/v2.70.0/chezmoi_2.70.0_darwin_arm64.tar.gz"
url_api = "https://api.github.com/repos/twpayne/chezmoi/releases/assets/370444375"

[tools."github:twpayne/chezmoi"."platforms.macos-x64"]
checksum = "sha256:8d8abb5da0805ce6fa4d387cf3d9615281ad5b26007bf4d469af603ab3c237af"
url = "https://github.com/twpayne/chezmoi/releases/download/v2.70.0/chezmoi_2.70.0_darwin_amd64.tar.gz"
url_api = "https://api.github.com/repos/twpayne/chezmoi/releases/assets/370444389"

[tools."github:twpayne/chezmoi"."platforms.windows-x64"]
checksum = "sha256:bd75e4892ed22d5ab767c06242fc72c23c5848ad5b1aea27fd95aec03c10c777"
url = "https://github.com/twpayne/chezmoi/releases/download/v2.70.0/chezmoi_2.70.0_windows_amd64.zip"
url_api = "https://api.github.com/repos/twpayne/chezmoi/releases/assets/370444385"

[[tools.jj]]
version = "0.39.0"
backend = "aqua:jj-vcs/jj"

[tools.jj."platforms.linux-arm64"]
checksum = "sha256:15bbb0199adf57929d1e3cd90ae0b47356858cbe374814769815a1fb87d5ad1d"
url = "https://github.com/jj-vcs/jj/releases/download/v0.39.0/jj-v0.39.0-aarch64-unknown-linux-musl.tar.gz"

[tools.jj."platforms.linux-arm64-musl"]
checksum = "sha256:15bbb0199adf57929d1e3cd90ae0b47356858cbe374814769815a1fb87d5ad1d"
url = "https://github.com/jj-vcs/jj/releases/download/v0.39.0/jj-v0.39.0-aarch64-unknown-linux-musl.tar.gz"

[tools.jj."platforms.linux-x64"]
checksum = "sha256:8da8d96e9c8696c21ad47847a63d533e249acb0449d9af0f0562b5ea7b024f04"
url = "https://github.com/jj-vcs/jj/releases/download/v0.39.0/jj-v0.39.0-x86_64-unknown-linux-musl.tar.gz"

[tools.jj."platforms.linux-x64-musl"]
checksum = "sha256:8da8d96e9c8696c21ad47847a63d533e249acb0449d9af0f0562b5ea7b024f04"
url = "https://github.com/jj-vcs/jj/releases/download/v0.39.0/jj-v0.39.0-x86_64-unknown-linux-musl.tar.gz"

[tools.jj."platforms.macos-arm64"]
checksum = "sha256:525ee96fd1eda1be925b3827a964c58a9f14bc2bae411bd7d8422fe1af40ea19"
url = "https://github.com/jj-vcs/jj/releases/download/v0.39.0/jj-v0.39.0-aarch64-apple-darwin.tar.gz"

[tools.jj."platforms.macos-x64"]
checksum = "sha256:cdf0eb6f457165bfe5edc3afc16a5d10b3ea89cd682ebe333dabdec626373104"
url = "https://github.com/jj-vcs/jj/releases/download/v0.39.0/jj-v0.39.0-x86_64-apple-darwin.tar.gz"

[tools.jj."platforms.windows-x64"]
checksum = "sha256:53be7e277e5f0396621ccdda509904e4f88fe8e517b78ce20176269b7e97d378"
url = "https://github.com/jj-vcs/jj/releases/download/v0.39.0/jj-v0.39.0-x86_64-pc-windows-msvc.zip"

[[tools.lsd]]
version = "1.2.0"
backend = "aqua:lsd-rs/lsd"

[tools.lsd."platforms.linux-arm64"]
checksum = "sha256:642ecb1a763b9f790a99c83a1445c117a6813ed4edb5d498d4420423c6353eb8"
url = "https://github.com/lsd-rs/lsd/releases/download/v1.2.0/lsd-v1.2.0-aarch64-unknown-linux-musl.tar.gz"

[tools.lsd."platforms.linux-arm64-musl"]
checksum = "sha256:642ecb1a763b9f790a99c83a1445c117a6813ed4edb5d498d4420423c6353eb8"
url = "https://github.com/lsd-rs/lsd/releases/download/v1.2.0/lsd-v1.2.0-aarch64-unknown-linux-musl.tar.gz"

[tools.lsd."platforms.linux-x64"]
checksum = "sha256:77849da1210336534258551a581401ba19ae6b8d7b66a2a1feff148ad41e3814"
url = "https://github.com/lsd-rs/lsd/releases/download/v1.2.0/lsd-v1.2.0-x86_64-unknown-linux-musl.tar.gz"

[tools.lsd."platforms.linux-x64-musl"]
checksum = "sha256:77849da1210336534258551a581401ba19ae6b8d7b66a2a1feff148ad41e3814"
url = "https://github.com/lsd-rs/lsd/releases/download/v1.2.0/lsd-v1.2.0-x86_64-unknown-linux-musl.tar.gz"

[tools.lsd."platforms.macos-arm64"]
checksum = "sha256:9e34a5d392ff913302098aad0543dafa1883c531eaf229b82f086c3fca675e3e"
url = "https://github.com/lsd-rs/lsd/releases/download/v1.2.0/lsd-v1.2.0-aarch64-apple-darwin.tar.gz"

[tools.lsd."platforms.macos-x64"]
checksum = "sha256:00d3c50551b270bbdf7da97816e5ba7f5fd10294cd310165f7f8b5523e738b9c"
url = "https://github.com/lsd-rs/lsd/releases/download/v1.2.0/lsd-v1.2.0-x86_64-apple-darwin.tar.gz"

[tools.lsd."platforms.windows-x64"]
checksum = "sha256:a65b9f457153934a7ce1f7e0fe1c4922a95bb2822222126e4fbaa6ee9c0d78e5"
url = "https://github.com/lsd-rs/lsd/releases/download/v1.2.0/lsd-v1.2.0-x86_64-pc-windows-msvc.zip"

[[tools.neovim]]
version = "0.11.6"
backend = "vfox:mise-plugins/vfox-neovim"

[tools.neovim."platforms.linux-arm64"]
url = "https://github.com/neovim/neovim/releases/download/v0.11.6/nvim-linux-arm64.tar.gz"

[tools.neovim."platforms.linux-arm64-musl"]
url = "https://github.com/neovim/neovim/releases/download/v0.11.6/nvim-linux-arm64.tar.gz"

[tools.neovim."platforms.linux-x64"]
url = "https://github.com/neovim/neovim/releases/download/v0.11.6/nvim-linux-x86_64.tar.gz"

[tools.neovim."platforms.linux-x64-musl"]
url = "https://github.com/neovim/neovim/releases/download/v0.11.6/nvim-linux-x86_64.tar.gz"

[tools.neovim."platforms.macos-arm64"]
url = "https://github.com/neovim/neovim/releases/download/v0.11.6/nvim-macos-arm64.tar.gz"

[tools.neovim."platforms.macos-x64"]
url = "https://github.com/neovim/neovim/releases/download/v0.11.6/nvim-macos-x86_64.tar.gz"

[tools.neovim."platforms.windows-x64"]
url = "https://github.com/neovim/neovim/releases/download/v0.11.6/nvim-win64.zip"

[[tools.node]]
version = "25.8.1"
backend = "core:node"

[tools.node."platforms.linux-arm64"]
checksum = "sha256:d990ec3c21ce8bdb6f76ed4e1c875d6e3e4b75a02d018e85df0662c0bad83b53"
url = "https://nodejs.org/dist/v25.8.1/node-v25.8.1-linux-arm64.tar.gz"

[tools.node."platforms.linux-arm64-musl"]
checksum = "sha256:d990ec3c21ce8bdb6f76ed4e1c875d6e3e4b75a02d018e85df0662c0bad83b53"
url = "https://nodejs.org/dist/v25.8.1/node-v25.8.1-linux-arm64.tar.gz"

[tools.node."platforms.linux-x64"]
checksum = "sha256:6fe3b8fa448579f728f7a0e5bbb3ab6a352d2c6307e13ae37a86106a3e4c9aaf"
url = "https://nodejs.org/dist/v25.8.1/node-v25.8.1-linux-x64.tar.gz"

[tools.node."platforms.linux-x64-musl"]
checksum = "sha256:6fe3b8fa448579f728f7a0e5bbb3ab6a352d2c6307e13ae37a86106a3e4c9aaf"
url = "https://nodejs.org/dist/v25.8.1/node-v25.8.1-linux-x64.tar.gz"

[tools.node."platforms.macos-arm64"]
checksum = "sha256:c667629236e3213616f0917b84eb52706e213c0e8a2312402335fff6fc7463c4"
url = "https://nodejs.org/dist/v25.8.1/node-v25.8.1-darwin-arm64.tar.gz"

[tools.node."platforms.macos-x64"]
checksum = "sha256:1e5ebf69955e01216f5c60b9c989d1bdda8e5022e2f60c75e1baf309c5bff50e"
url = "https://nodejs.org/dist/v25.8.1/node-v25.8.1-darwin-x64.tar.gz"

[tools.node."platforms.windows-x64"]
checksum = "sha256:09a5a0dbb2f4cefa800880012810e2dfaac0016a62e75f064c4ab7f3606b2d78"
url = "https://nodejs.org/dist/v25.8.1/node-v25.8.1-win-x64.zip"

[[tools.opencode]]
version = "1.2.27"
backend = "aqua:sst/opencode"

[tools.opencode."platforms.linux-arm64"]
checksum = "sha256:bcd91a3ebe9480ffb1702e5c71168d451150421acc99c6d1abf5edc5e2cb39f5"
url = "https://github.com/anomalyco/opencode/releases/download/v1.2.27/opencode-linux-arm64.tar.gz"

[tools.opencode."platforms.linux-arm64-musl"]
checksum = "sha256:bcd91a3ebe9480ffb1702e5c71168d451150421acc99c6d1abf5edc5e2cb39f5"
url = "https://github.com/anomalyco/opencode/releases/download/v1.2.27/opencode-linux-arm64.tar.gz"

[tools.opencode."platforms.linux-x64"]
checksum = "sha256:6fe3820b145857f7ff507d2826058b7acf1fce8258def1498468dd43809e69e8"
url = "https://github.com/anomalyco/opencode/releases/download/v1.2.27/opencode-linux-x64.tar.gz"

[tools.opencode."platforms.linux-x64-musl"]
checksum = "sha256:6fe3820b145857f7ff507d2826058b7acf1fce8258def1498468dd43809e69e8"
url = "https://github.com/anomalyco/opencode/releases/download/v1.2.27/opencode-linux-x64.tar.gz"

[tools.opencode."platforms.macos-arm64"]
checksum = "sha256:fa680fa79086c7509d3a2c21e49c9264b803da7c0f1b7807ed842b8e37325597"
url = "https://github.com/anomalyco/opencode/releases/download/v1.2.27/opencode-darwin-arm64.zip"

[tools.opencode."platforms.macos-x64"]
checksum = "sha256:fc719db27acbc817ff2a4df2bbaa788e02976ddc26a96c84de4fdbe663714b8c"
url = "https://github.com/anomalyco/opencode/releases/download/v1.2.27/opencode-darwin-x64.zip"

[tools.opencode."platforms.windows-x64"]
checksum = "sha256:9e2e43568e6f952e8c7cb77b934fbff53f454f0213688f24f3c3769b69703e84"
url = "https://github.com/anomalyco/opencode/releases/download/v1.2.27/opencode-windows-x64.zip"

[[tools.ripgrep]]
version = "15.1.0"
backend = "aqua:BurntSushi/ripgrep"

[tools.ripgrep."platforms.linux-arm64"]
checksum = "sha256:2b661c6ef508e902f388e9098d9c4c5aca72c87b55922d94abdba830b4dc885e"
url = "https://github.com/BurntSushi/ripgrep/releases/download/15.1.0/ripgrep-15.1.0-aarch64-unknown-linux-gnu.tar.gz"

[tools.ripgrep."platforms.linux-arm64-musl"]
checksum = "sha256:2b661c6ef508e902f388e9098d9c4c5aca72c87b55922d94abdba830b4dc885e"
url = "https://github.com/BurntSushi/ripgrep/releases/download/15.1.0/ripgrep-15.1.0-aarch64-unknown-linux-gnu.tar.gz"

[tools.ripgrep."platforms.linux-x64"]
checksum = "sha256:1c9297be4a084eea7ecaedf93eb03d058d6faae29bbc57ecdaf5063921491599"
url = "https://github.com/BurntSushi/ripgrep/releases/download/15.1.0/ripgrep-15.1.0-x86_64-unknown-linux-musl.tar.gz"

[tools.ripgrep."platforms.linux-x64-musl"]
checksum = "sha256:1c9297be4a084eea7ecaedf93eb03d058d6faae29bbc57ecdaf5063921491599"
url = "https://github.com/BurntSushi/ripgrep/releases/download/15.1.0/ripgrep-15.1.0-x86_64-unknown-linux-musl.tar.gz"

[tools.ripgrep."platforms.macos-arm64"]
checksum = "sha256:378e973289176ca0c6054054ee7f631a065874a352bf43f0fa60ef079b6ba715"
url = "https://github.com/BurntSushi/ripgrep/releases/download/15.1.0/ripgrep-15.1.0-aarch64-apple-darwin.tar.gz"

[tools.ripgrep."platforms.macos-x64"]
checksum = "sha256:64811cb24e77cac3057d6c40b63ac9becf9082eedd54ca411b475b755d334882"
url = "https://github.com/BurntSushi/ripgrep/releases/download/15.1.0/ripgrep-15.1.0-x86_64-apple-darwin.tar.gz"

[tools.ripgrep."platforms.windows-x64"]
checksum = "sha256:124510b94b6baa3380d051fdf4650eaa80a302c876d611e9dba0b2e18d87493a"
url = "https://github.com/BurntSushi/ripgrep/releases/download/15.1.0/ripgrep-15.1.0-x86_64-pc-windows-msvc.zip"

[[tools.starship]]
version = "1.24.2"
backend = "aqua:starship/starship"

[tools.starship."platforms.linux-arm64"]
checksum = "sha256:56b9ff412bbf374d29b99e5ac09a849124cb37a0a13121e8470df32de53c1ea6"
url = "https://github.com/starship/starship/releases/download/v1.24.2/starship-aarch64-unknown-linux-musl.tar.gz"

[tools.starship."platforms.linux-arm64-musl"]
checksum = "sha256:56b9ff412bbf374d29b99e5ac09a849124cb37a0a13121e8470df32de53c1ea6"
url = "https://github.com/starship/starship/releases/download/v1.24.2/starship-aarch64-unknown-linux-musl.tar.gz"

[tools.starship."platforms.linux-x64"]
checksum = "sha256:00ff3c1f8ffb59b5c15d4b44c076bcca04d92cf0055c86b916248c14f3ae714a"
url = "https://github.com/starship/starship/releases/download/v1.24.2/starship-x86_64-unknown-linux-musl.tar.gz"

[tools.starship."platforms.linux-x64-musl"]
checksum = "sha256:00ff3c1f8ffb59b5c15d4b44c076bcca04d92cf0055c86b916248c14f3ae714a"
url = "https://github.com/starship/starship/releases/download/v1.24.2/starship-x86_64-unknown-linux-musl.tar.gz"

[tools.starship."platforms.macos-arm64"]
checksum = "sha256:d3a0da21374962625a2ee992110979bc1fa33424d7b6aea58a70405e26544fd9"
url = "https://github.com/starship/starship/releases/download/v1.24.2/starship-aarch64-apple-darwin.tar.gz"

[tools.starship."platforms.macos-x64"]
checksum = "sha256:237beb10cc970c4361536e9f9f434dfed755f8282c5cd951b6a7e3fcbda8e779"
url = "https://github.com/starship/starship/releases/download/v1.24.2/starship-x86_64-apple-darwin.tar.gz"

[tools.starship."platforms.windows-x64"]
checksum = "sha256:d38424c595320e9639a276666347d5e44cb004de3972f40b9a5a1a6b88537f29"
url = "https://github.com/starship/starship/releases/download/v1.24.2/starship-x86_64-pc-windows-msvc.zip"

[[tools.zellij]]
version = "0.43.1"
backend = "aqua:zellij-org/zellij"

[tools.zellij."platforms.linux-arm64"]
checksum = "sha256:32321ad5f61c2c62d156162d1df95dc823666f84e4a0d7cd79b0fef02930b165"
url = "https://github.com/zellij-org/zellij/releases/download/v0.43.1/zellij-aarch64-unknown-linux-musl.tar.gz"

[tools.zellij."platforms.linux-arm64-musl"]
checksum = "sha256:32321ad5f61c2c62d156162d1df95dc823666f84e4a0d7cd79b0fef02930b165"
url = "https://github.com/zellij-org/zellij/releases/download/v0.43.1/zellij-aarch64-unknown-linux-musl.tar.gz"

[tools.zellij."platforms.linux-x64"]
checksum = "sha256:541d98efef5558293ef85ad9acd29e4d920b6e881513b9e77255d8207020d75a"
url = "https://github.com/zellij-org/zellij/releases/download/v0.43.1/zellij-x86_64-unknown-linux-musl.tar.gz"

[tools.zellij."platforms.linux-x64-musl"]
checksum = "sha256:541d98efef5558293ef85ad9acd29e4d920b6e881513b9e77255d8207020d75a"
url = "https://github.com/zellij-org/zellij/releases/download/v0.43.1/zellij-x86_64-unknown-linux-musl.tar.gz"

[tools.zellij."platforms.macos-arm64"]
checksum = "sha256:a09ea51f3d98427253de2b889bb04f1aa0850fbb034911c7a01b8f0194edba66"
url = "https://github.com/zellij-org/zellij/releases/download/v0.43.1/zellij-aarch64-apple-darwin.tar.gz"

[tools.zellij."platforms.macos-x64"]
checksum = "sha256:7b0c1a9c2591eadf506ec58d62ef5f6d9c93d089a3603142af3dcca5fa575d44"
url = "https://github.com/zellij-org/zellij/releases/download/v0.43.1/zellij-x86_64-apple-darwin.tar.gz"

[[tools.zoxide]]
version = "0.9.9"
backend = "aqua:ajeetdsouza/zoxide"

[tools.zoxide."platforms.linux-arm64"]
checksum = "sha256:96e6ea2e47a71db42cb7ad5a36e9209c8cb3708f8ae00f6945573d0d93315cb0"
url = "https://github.com/ajeetdsouza/zoxide/releases/download/v0.9.9/zoxide-0.9.9-aarch64-unknown-linux-musl.tar.gz"

[tools.zoxide."platforms.linux-arm64-musl"]
checksum = "sha256:96e6ea2e47a71db42cb7ad5a36e9209c8cb3708f8ae00f6945573d0d93315cb0"
url = "https://github.com/ajeetdsouza/zoxide/releases/download/v0.9.9/zoxide-0.9.9-aarch64-unknown-linux-musl.tar.gz"

[tools.zoxide."platforms.linux-x64"]
checksum = "sha256:4ff057d3c4d957946937274c2b8be7af2a9bbae7f90a1b5e9baaa7cb65a20caa"
url = "https://github.com/ajeetdsouza/zoxide/releases/download/v0.9.9/zoxide-0.9.9-x86_64-unknown-linux-musl.tar.gz"

[tools.zoxide."platforms.linux-x64-musl"]
checksum = "sha256:4ff057d3c4d957946937274c2b8be7af2a9bbae7f90a1b5e9baaa7cb65a20caa"
url = "https://github.com/ajeetdsouza/zoxide/releases/download/v0.9.9/zoxide-0.9.9-x86_64-unknown-linux-musl.tar.gz"

[tools.zoxide."platforms.macos-arm64"]
checksum = "sha256:57e733d0436309dae2ed97e46bba43937209395298e1d88812d4e893900cb40a"
url = "https://github.com/ajeetdsouza/zoxide/releases/download/v0.9.9/zoxide-0.9.9-aarch64-apple-darwin.tar.gz"

[tools.zoxide."platforms.macos-x64"]
checksum = "sha256:364249cff18354397c72ebb6b8f7358404c051c486e0f2f7a46e36c86c16f8c7"
url = "https://github.com/ajeetdsouza/zoxide/releases/download/v0.9.9/zoxide-0.9.9-x86_64-apple-darwin.tar.gz"

[tools.zoxide."platforms.windows-x64"]
checksum = "sha256:5af00d0916f05631e3030537289eac56605e7c1733318c4d525c8e847f12496d"
url = "https://github.com/ajeetdsouza/zoxide/releases/download/v0.9.9/zoxide-0.9.9-x86_64-pc-windows-msvc.zip"
